
Microsoft Visual Studio Solution File, Format Version 12.00
# Visual Studio Version 16
VisualStudioVersion = 16.0.30225.117
MinimumVisualStudioVersion = 10.0.40219.1
Project("{FAE04EC0-301F-11D3-BF4B-00C04F79EFBC}") = "线程的开启方式", "ConsoleApp1\线程的开启方式.csproj", "{DD329E8C-5A18-47DD-A39A-0DCC0F2D1F46}"
EndProject
Project("{FAE04EC0-301F-11D3-BF4B-00C04F79EFBC}") = "检测委托线程的结束-通过等待句柄和回调函数", "检测委托线程的结束-通过等待句柄和回调函数\检测委托线程的结束-通过等待句柄和回调函数.csproj", "{446ACA1A-1305-4A97-AF82-DA4D1E083F00}"
EndProject
Project("{FAE04EC0-301F-11D3-BF4B-00C04F79EFBC}") = "通过Thread创建线程", "通过Thread创建线程\通过Thread创建线程.csproj", "{48CFC855-AB6A-4B61-A960-1D7D70AE9DF5}"
EndProject
Project("{FAE04EC0-301F-11D3-BF4B-00C04F79EFBC}") = "后台线程和前台线程", "后台线程和前台线程\后台线程和前台线程.csproj", "{98E8BA26-96B2-4FCB-B400-C01D70F4912E}"
EndProject
Project("{FAE04EC0-301F-11D3-BF4B-00C04F79EFBC}") = "线程池", "线程池\线程池.csproj", "{595F7BA1-646C-465B-A3E6-C8AA1D281E00}"
EndProject
Project("{FAE04EC0-301F-11D3-BF4B-00C04F79EFBC}") = "线程的开启-任务", "线程的开启-任务\线程的开启-任务.csproj", "{4A679989-8FB5-4EFF-850A-23E31C44F88E}"
EndProject
Project("{FAE04EC0-301F-11D3-BF4B-00C04F79EFBC}") = "任务的知识", "任务的知识\任务的知识.csproj", "{7C90AE7E-2097-4DC5-B7EF-B5994C1C267D}"
EndProject
Project("{FAE04EC0-301F-11D3-BF4B-00C04F79EFBC}") = "线程问题  争用条件", "线程问题  争用条件\线程问题  争用条件.csproj", "{369B8D28-C481-465D-A531-DA6129775ECE}"
EndProject
Project("{FAE04EC0-301F-11D3-BF4B-00C04F79EFBC}") = "使用file读写文件", "使用file读写文件\使用file读写文件.csproj", "{E24D8723-BD4A-4714-A975-138C8F25E599}"
EndProject
Project("{FAE04EC0-301F-11D3-BF4B-00C04F79EFBC}") = "使用FileStream读写文件", "使用FileStream读写文件\使用FileStream读写文件.csproj", "{051CA9CC-4350-4913-8F4B-0187284F8814}"
EndProject
Project("{FAE04EC0-301F-11D3-BF4B-00C04F79EFBC}") = "StreamRead-StreamWrite", "StreamRead-StreamWrite\StreamRead-StreamWrite.csproj", "{9309A31E-B451-46A7-87D9-C6CC2CB37BAB}"
EndProject
Project("{2150E333-8FDC-42A3-9474-1A3956D46DE8}") = "线程-进程-任务", "线程-进程-任务", "{4A93B8A2-55E8-4A3E-9090-F16098F3EADE}"
EndProject
Project("{2150E333-8FDC-42A3-9474-1A3956D46DE8}") = "文件读写", "文件读写", "{F6012FF3-582D-4AD0-A15C-09F3E473E2D6}"
EndProject
Project("{2150E333-8FDC-42A3-9474-1A3956D46DE8}") = "GDI", "GDI", "{EC58714C-8633-4842-8D27-E7FAE7941888}"
EndProject
Project("{FAE04EC0-301F-11D3-BF4B-00C04F79EFBC}") = "创建Graphics对象", "创建Graphics对象和Pan对象2\创建Graphics对象.csproj", "{7638AF58-0336-4707-B3EE-AD69EB936084}"
EndProject
Project("{FAE04EC0-301F-11D3-BF4B-00C04F79EFBC}") = "创建Pen对象", "创建Pen对象\创建Pen对象.csproj", "{A3C024DC-83D3-4D9A-B8F5-AB7600038AB9}"
EndProject
Project("{FAE04EC0-301F-11D3-BF4B-00C04F79EFBC}") = "创建Brush对象", "创建Brush对象\创建Brush对象.csproj", "{6EB59D41-EEA3-41BC-9F0A-9BAEA809E81B}"
EndProject
Project("{2150E333-8FDC-42A3-9474-1A3956D46DE8}") = "打印", "打印", "{F6C84FCD-705C-4EE2-9B88-E867AB1F3174}"
EndProject
Project("{FAE04EC0-301F-11D3-BF4B-00C04F79EFBC}") = "打印", "页面设置\打印.csproj", "{6D82F63F-1E44-4A1D-8CEE-4B7981B8C5E1}"
EndProject
Project("{2150E333-8FDC-42A3-9474-1A3956D46DE8}") = "winform控件", "winform控件", "{0A22A1F0-1D2D-4AA7-8788-269A58A32456}"
EndProject
Project("{FAE04EC0-301F-11D3-BF4B-00C04F79EFBC}") = "winform控件", "DSKIN\winform控件.csproj", "{EE92270B-20CC-44C2-929A-0CC761445254}"
EndProject
Project("{2150E333-8FDC-42A3-9474-1A3956D46DE8}") = "数据库", "数据库", "{C54B735E-18DA-46A5-9853-6AFD7FBCB999}"
EndProject
Project("{FAE04EC0-301F-11D3-BF4B-00C04F79EFBC}") = "数据库", "数据库\数据库.csproj", "{1A937138-55D9-437C-8613-F01C8F126ABE}"
EndProject
Project("{FAE04EC0-301F-11D3-BF4B-00C04F79EFBC}") = "表格数据控件", "表格数据控件\表格数据控件.csproj", "{5534A968-1A45-4DC5-B428-A461E1F30D2F}"
EndProject
Project("{2150E333-8FDC-42A3-9474-1A3956D46DE8}") = "表格数据控件.", "表格数据控件.", "{1B6695CD-8F92-48B8-95DB-D2B1A6E81278}"
EndProject
Project("{2150E333-8FDC-42A3-9474-1A3956D46DE8}") = "ArrayList类", "ArrayList类", "{D6BBB50F-A23B-406D-84BE-39899674BCD7}"
EndProject
Project("{FAE04EC0-301F-11D3-BF4B-00C04F79EFBC}") = "ArrayList类", "ArrayList类\ArrayList类.csproj", "{FC2A1299-8725-4A47-85D7-175FBEC605E4}"
EndProject
Project("{2150E333-8FDC-42A3-9474-1A3956D46DE8}") = "正则表达式", "正则表达式", "{41F2F4F5-06AA-46FD-A1BD-217D064D4385}"
EndProject
Project("{FAE04EC0-301F-11D3-BF4B-00C04F79EFBC}") = "正则表达式", "正则表达式\正则表达式.csproj", "{2A84E602-EE09-4E76-85E4-136F50D27026}"
EndProject
Project("{2150E333-8FDC-42A3-9474-1A3956D46DE8}") = "注册表", "注册表", "{BAFA1269-E31C-433E-BF0C-90B21FCF2BB9}"
EndProject
Project("{FAE04EC0-301F-11D3-BF4B-00C04F79EFBC}") = "注册表相关知识", "注册表\注册表相关知识.csproj", "{58DF9E90-A8B3-40DE-960F-0231E4CCDBE7}"
EndProject
Project("{FAE04EC0-301F-11D3-BF4B-00C04F79EFBC}") = "读取注册表信息", "读取注册表信息\读取注册表信息.csproj", "{B42F2987-B049-46FD-B42E-7CE1758CD57C}"
EndProject
Project("{2150E333-8FDC-42A3-9474-1A3956D46DE8}") = "Dapper 轻量级ORM框架", "Dapper 轻量级ORM框架", "{B286A4CD-DCD5-42E8-A41B-88ECA9AEB6D2}"
EndProject
Project("{FAE04EC0-301F-11D3-BF4B-00C04F79EFBC}") = "Dapper", "Dapper\Dapper.csproj", "{CCA9C7AF-4F62-42C7-9098-CC930611AEF6}"
EndProject
Project("{2150E333-8FDC-42A3-9474-1A3956D46DE8}") = "单元测试", "单元测试", "{94CCB124-C782-4141-9DAF-6DCA376716FF}"
EndProject
Project("{FAE04EC0-301F-11D3-BF4B-00C04F79EFBC}") = "单元测试", "单元测试\单元测试.csproj", "{23565A2E-1436-4D66-8EE0-DC61CF7F85D8}"
EndProject
Project("{FAE04EC0-301F-11D3-BF4B-00C04F79EFBC}") = "单元测试Tests", "单元测试Tests\单元测试Tests.csproj", "{AB5FD761-B06B-41A1-87A3-090574534884}"
EndProject
Project("{2150E333-8FDC-42A3-9474-1A3956D46DE8}") = "ReportViewer", "ReportViewer", "{760F3A30-491A-42B1-92A4-746DCC88E888}"
EndProject
Project("{FAE04EC0-301F-11D3-BF4B-00C04F79EFBC}") = "ReportViewer", "ReportViewer\ReportViewer.csproj", "{8316063D-88FD-48F5-9BA9-10139CFCE81A}"
EndProject
Project("{2150E333-8FDC-42A3-9474-1A3956D46DE8}") = "XML文件", "XML文件", "{18789E1F-ED7F-4645-931E-50885A63F618}"
EndProject
Project("{FAE04EC0-301F-11D3-BF4B-00C04F79EFBC}") = "XML", "XML\XML.csproj", "{16444F45-0535-4D67-A1EA-FD5E30B621B8}"
EndProject
Project("{2150E333-8FDC-42A3-9474-1A3956D46DE8}") = "JSON", "JSON", "{A627D549-B466-4A92-B9C1-D82F0E780744}"
EndProject
Project("{FAE04EC0-301F-11D3-BF4B-00C04F79EFBC}") = "JSON", "JSON\JSON.csproj", "{6090ACC8-941D-4D50-AFF7-F6AD08D40AF7}"
EndProject
Project("{2150E333-8FDC-42A3-9474-1A3956D46DE8}") = "OPC", "OPC", "{BCD702B2-4316-46C0-927A-E6AB1ED49C50}"
EndProject
Project("{FAE04EC0-301F-11D3-BF4B-00C04F79EFBC}") = "OPC", "OPC\OPC.csproj", "{FFF15EBC-F28E-4917-9691-B8A4EE5C14C0}"
EndProject
Project("{2150E333-8FDC-42A3-9474-1A3956D46DE8}") = "HZHControls", "HZHControls", "{1E6AE2B4-DD10-4F6D-BC61-8C306EA6B296}"
EndProject
Project("{FAE04EC0-301F-11D3-BF4B-00C04F79EFBC}") = "HZHControls", "HZHControls\HZHControls.csproj", "{1F65BD5B-325C-49DA-A85E-11A9D20DA2D3}"
EndProject
Project("{2150E333-8FDC-42A3-9474-1A3956D46DE8}") = "GOF设计模式", "GOF设计模式", "{65398FE2-777E-480C-9779-AEA072B9E553}"
EndProject
Project("{FAE04EC0-301F-11D3-BF4B-00C04F79EFBC}") = "单例模式", "单例模式\单例模式.csproj", "{1DBB865A-7BEA-4422-8BDD-DBEF1B9B5F9F}"
EndProject
Project("{FAE04EC0-301F-11D3-BF4B-00C04F79EFBC}") = "简单工厂", "简单工厂\简单工厂.csproj", "{112A411E-F669-40B9-8D66-D66266A859D4}"
EndProject
Project("{FAE04EC0-301F-11D3-BF4B-00C04F79EFBC}") = "工厂方法", "工厂方法\工厂方法.csproj", "{C093A401-28BC-437F-93A8-4A1D64BECE3D}"
EndProject
Project("{FAE04EC0-301F-11D3-BF4B-00C04F79EFBC}") = "抽象工厂", "抽象工厂\抽象工厂.csproj", "{26B1795D-DC54-4D48-846E-E2D0812BB184}"
EndProject
Project("{FAE04EC0-301F-11D3-BF4B-00C04F79EFBC}") = "建造者模式", "建造者模式\建造者模式.csproj", "{340FF08A-75E8-401F-9EBB-1774502ABF94}"
EndProject
Project("{FAE04EC0-301F-11D3-BF4B-00C04F79EFBC}") = "原型模式", "原型模式\原型模式.csproj", "{F8C09C47-FCBF-43DC-8E83-A698EFF477D7}"
EndProject
Project("{FAE04EC0-301F-11D3-BF4B-00C04F79EFBC}") = "适配器模式", "适配器模式\适配器模式.csproj", "{1B70A4B9-66F1-4F40-8361-63C2E33B4BE9}"
EndProject
Project("{FAE04EC0-301F-11D3-BF4B-00C04F79EFBC}") = "桥接模式", "桥接模式\桥接模式.csproj", "{1391024D-E40E-4451-A6EB-0CCDDC2A58E5}"
EndProject
Project("{FAE04EC0-301F-11D3-BF4B-00C04F79EFBC}") = "装饰者模式", "装饰者模式\装饰者模式.csproj", "{20BC86B9-917C-4D4A-AD9D-48BDF398B417}"
EndProject
Project("{FAE04EC0-301F-11D3-BF4B-00C04F79EFBC}") = "外观模式", "外观模式\外观模式.csproj", "{FDADF3A5-7C59-4643-BBD5-93DD904C5E68}"
EndProject
Project("{FAE04EC0-301F-11D3-BF4B-00C04F79EFBC}") = "组合模式", "组合模式\组合模式.csproj", "{F8EB3CA0-1905-4125-B76A-76CE9071C1B7}"
EndProject
Project("{FAE04EC0-301F-11D3-BF4B-00C04F79EFBC}") = "享元模式", "享元模式\享元模式.csproj", "{2A4F222B-2E4E-4356-AAAA-59767AD1340D}"
EndProject
Project("{FAE04EC0-301F-11D3-BF4B-00C04F79EFBC}") = "代理模式", "代理模式\代理模式.csproj", "{60923F33-EA0E-4F7F-888C-F741F9D46402}"
EndProject
Project("{FAE04EC0-301F-11D3-BF4B-00C04F79EFBC}") = "模板方法模块", "模板方法模块\模板方法模块.csproj", "{F92F3152-8F4A-43F9-BBD1-8217F4F6E4C9}"
EndProject
Project("{FAE04EC0-301F-11D3-BF4B-00C04F79EFBC}") = "命令模式", "命令模式\命令模式.csproj", "{8F258F15-20CF-4F65-94C2-6850B6BEF7CA}"
EndProject
Project("{FAE04EC0-301F-11D3-BF4B-00C04F79EFBC}") = "观察者模式", "观察者模式\观察者模式.csproj", "{1C81E77B-2408-4752-9618-4889BE62EED5}"
EndProject
Project("{FAE04EC0-301F-11D3-BF4B-00C04F79EFBC}") = "中介者模式", "中介者模式\中介者模式.csproj", "{363008C6-1875-4281-9D03-981EF0E9A2F7}"
EndProject
Project("{FAE04EC0-301F-11D3-BF4B-00C04F79EFBC}") = "状态者模式", "状态者模式\状态者模式.csproj", "{726E84AB-C8B4-4B51-92D8-9F6AFFE28EBA}"
EndProject
Project("{FAE04EC0-301F-11D3-BF4B-00C04F79EFBC}") = "策略者模式", "策略者模式\策略者模式.csproj", "{360051F5-CCB5-472A-8D7B-55B86376279E}"
EndProject
Project("{FAE04EC0-301F-11D3-BF4B-00C04F79EFBC}") = "访问者模式", "访问者模式\访问者模式.csproj", "{E65716A5-2C1A-4B27-B039-F04344BB0CA8}"
EndProject
Project("{FAE04EC0-301F-11D3-BF4B-00C04F79EFBC}") = "迭代器模式", "迭代器模式\迭代器模式.csproj", "{87CFD0A6-DBE5-432F-A090-E1A470D63876}"
EndProject
Project("{FAE04EC0-301F-11D3-BF4B-00C04F79EFBC}") = "责任链模式", "责任链模式\责任链模式.csproj", "{F64EF76C-0A3B-45A2-8F04-A8444825EAF7}"
EndProject
Project("{FAE04EC0-301F-11D3-BF4B-00C04F79EFBC}") = "备忘录模式", "备忘录模式\备忘录模式.csproj", "{50E74F61-694D-4829-8FA9-731F5A3D2BEE}"
EndProject
Project("{2150E333-8FDC-42A3-9474-1A3956D46DE8}") = "SQLite数据库", "SQLite数据库", "{67988FDF-2963-419C-A094-569F1E594689}"
EndProject
Project("{FAE04EC0-301F-11D3-BF4B-00C04F79EFBC}") = "SQLite数据库", "SQLite数据库\SQLite数据库.csproj", "{AFF3E5EF-CDA0-479A-9AB9-5C9F65D2E608}"
EndProject
Project("{2150E333-8FDC-42A3-9474-1A3956D46DE8}") = "Excel", "Excel", "{A202B8D2-390A-479F-87EE-8A5E9170BF52}"
EndProject
Project("{FAE04EC0-301F-11D3-BF4B-00C04F79EFBC}") = "Excel操作", "Excel操作\Excel操作.csproj", "{B5A2C3DA-1B2D-4C7C-9A0E-A5C16CA15023}"
EndProject
Project("{2150E333-8FDC-42A3-9474-1A3956D46DE8}") = "服务的安装-使用-卸载", "服务的安装-使用-卸载", "{B8ABDB17-BA58-4581-B121-699D84DE4AB4}"
EndProject
Project("{FAE04EC0-301F-11D3-BF4B-00C04F79EFBC}") = "服务", "服务\服务.csproj", "{8EB62D64-BC1D-43E3-8A52-1C7475BBBF88}"
EndProject
Global
	GlobalSection(SolutionConfigurationPlatforms) = preSolution
		Debug|Any CPU = Debug|Any CPU
		Debug|x64 = Debug|x64
		Release|Any CPU = Release|Any CPU
		Release|x64 = Release|x64
	EndGlobalSection
	GlobalSection(ProjectConfigurationPlatforms) = postSolution
		{DD329E8C-5A18-47DD-A39A-0DCC0F2D1F46}.Debug|Any CPU.ActiveCfg = Debug|Any CPU
		{DD329E8C-5A18-47DD-A39A-0DCC0F2D1F46}.Debug|Any CPU.Build.0 = Debug|Any CPU
		{DD329E8C-5A18-47DD-A39A-0DCC0F2D1F46}.Debug|x64.ActiveCfg = Debug|Any CPU
		{DD329E8C-5A18-47DD-A39A-0DCC0F2D1F46}.Debug|x64.Build.0 = Debug|Any CPU
		{DD329E8C-5A18-47DD-A39A-0DCC0F2D1F46}.Release|Any CPU.ActiveCfg = Release|Any CPU
		{DD329E8C-5A18-47DD-A39A-0DCC0F2D1F46}.Release|Any CPU.Build.0 = Release|Any CPU
		{DD329E8C-5A18-47DD-A39A-0DCC0F2D1F46}.Release|x64.ActiveCfg = Release|Any CPU
		{DD329E8C-5A18-47DD-A39A-0DCC0F2D1F46}.Release|x64.Build.0 = Release|Any CPU
		{446ACA1A-1305-4A97-AF82-DA4D1E083F00}.Debug|Any CPU.ActiveCfg = Debug|Any CPU
		{446ACA1A-1305-4A97-AF82-DA4D1E083F00}.Debug|Any CPU.Build.0 = Debug|Any CPU
		{446ACA1A-1305-4A97-AF82-DA4D1E083F00}.Debug|x64.ActiveCfg = Debug|Any CPU
		{446ACA1A-1305-4A97-AF82-DA4D1E083F00}.Debug|x64.Build.0 = Debug|Any CPU
		{446ACA1A-1305-4A97-AF82-DA4D1E083F00}.Release|Any CPU.ActiveCfg = Release|Any CPU
		{446ACA1A-1305-4A97-AF82-DA4D1E083F00}.Release|Any CPU.Build.0 = Release|Any CPU
		{446ACA1A-1305-4A97-AF82-DA4D1E083F00}.Release|x64.ActiveCfg = Release|Any CPU
		{446ACA1A-1305-4A97-AF82-DA4D1E083F00}.Release|x64.Build.0 = Release|Any CPU
		{48CFC855-AB6A-4B61-A960-1D7D70AE9DF5}.Debug|Any CPU.ActiveCfg = Debug|Any CPU
		{48CFC855-AB6A-4B61-A960-1D7D70AE9DF5}.Debug|Any CPU.Build.0 = Debug|Any CPU
		{48CFC855-AB6A-4B61-A960-1D7D70AE9DF5}.Debug|x64.ActiveCfg = Debug|Any CPU
		{48CFC855-AB6A-4B61-A960-1D7D70AE9DF5}.Debug|x64.Build.0 = Debug|Any CPU
		{48CFC855-AB6A-4B61-A960-1D7D70AE9DF5}.Release|Any CPU.ActiveCfg = Release|Any CPU
		{48CFC855-AB6A-4B61-A960-1D7D70AE9DF5}.Release|Any CPU.Build.0 = Release|Any CPU
		{48CFC855-AB6A-4B61-A960-1D7D70AE9DF5}.Release|x64.ActiveCfg = Release|Any CPU
		{48CFC855-AB6A-4B61-A960-1D7D70AE9DF5}.Release|x64.Build.0 = Release|Any CPU
		{98E8BA26-96B2-4FCB-B400-C01D70F4912E}.Debug|Any CPU.ActiveCfg = Debug|Any CPU
		{98E8BA26-96B2-4FCB-B400-C01D70F4912E}.Debug|Any CPU.Build.0 = Debug|Any CPU
		{98E8BA26-96B2-4FCB-B400-C01D70F4912E}.Debug|x64.ActiveCfg = Debug|Any CPU
		{98E8BA26-96B2-4FCB-B400-C01D70F4912E}.Debug|x64.Build.0 = Debug|Any CPU
		{98E8BA26-96B2-4FCB-B400-C01D70F4912E}.Release|Any CPU.ActiveCfg = Release|Any CPU
		{98E8BA26-96B2-4FCB-B400-C01D70F4912E}.Release|Any CPU.Build.0 = Release|Any CPU
		{98E8BA26-96B2-4FCB-B400-C01D70F4912E}.Release|x64.ActiveCfg = Release|Any CPU
		{98E8BA26-96B2-4FCB-B400-C01D70F4912E}.Release|x64.Build.0 = Release|Any CPU
		{595F7BA1-646C-465B-A3E6-C8AA1D281E00}.Debug|Any CPU.ActiveCfg = Debug|Any CPU
		{595F7BA1-646C-465B-A3E6-C8AA1D281E00}.Debug|Any CPU.Build.0 = Debug|Any CPU
		{595F7BA1-646C-465B-A3E6-C8AA1D281E00}.Debug|x64.ActiveCfg = Debug|Any CPU
		{595F7BA1-646C-465B-A3E6-C8AA1D281E00}.Debug|x64.Build.0 = Debug|Any CPU
		{595F7BA1-646C-465B-A3E6-C8AA1D281E00}.Release|Any CPU.ActiveCfg = Release|Any CPU
		{595F7BA1-646C-465B-A3E6-C8AA1D281E00}.Release|Any CPU.Build.0 = Release|Any CPU
		{595F7BA1-646C-465B-A3E6-C8AA1D281E00}.Release|x64.ActiveCfg = Release|Any CPU
		{595F7BA1-646C-465B-A3E6-C8AA1D281E00}.Release|x64.Build.0 = Release|Any CPU
		{4A679989-8FB5-4EFF-850A-23E31C44F88E}.Debug|Any CPU.ActiveCfg = Debug|Any CPU
		{4A679989-8FB5-4EFF-850A-23E31C44F88E}.Debug|Any CPU.Build.0 = Debug|Any CPU
		{4A679989-8FB5-4EFF-850A-23E31C44F88E}.Debug|x64.ActiveCfg = Debug|Any CPU
		{4A679989-8FB5-4EFF-850A-23E31C44F88E}.Debug|x64.Build.0 = Debug|Any CPU
		{4A679989-8FB5-4EFF-850A-23E31C44F88E}.Release|Any CPU.ActiveCfg = Release|Any CPU
		{4A679989-8FB5-4EFF-850A-23E31C44F88E}.Release|Any CPU.Build.0 = Release|Any CPU
		{4A679989-8FB5-4EFF-850A-23E31C44F88E}.Release|x64.ActiveCfg = Release|Any CPU
		{4A679989-8FB5-4EFF-850A-23E31C44F88E}.Release|x64.Build.0 = Release|Any CPU
		{7C90AE7E-2097-4DC5-B7EF-B5994C1C267D}.Debug|Any CPU.ActiveCfg = Debug|Any CPU
		{7C90AE7E-2097-4DC5-B7EF-B5994C1C267D}.Debug|Any CPU.Build.0 = Debug|Any CPU
		{7C90AE7E-2097-4DC5-B7EF-B5994C1C267D}.Debug|x64.ActiveCfg = Debug|Any CPU
		{7C90AE7E-2097-4DC5-B7EF-B5994C1C267D}.Debug|x64.Build.0 = Debug|Any CPU
		{7C90AE7E-2097-4DC5-B7EF-B5994C1C267D}.Release|Any CPU.ActiveCfg = Release|Any CPU
		{7C90AE7E-2097-4DC5-B7EF-B5994C1C267D}.Release|Any CPU.Build.0 = Release|Any CPU
		{7C90AE7E-2097-4DC5-B7EF-B5994C1C267D}.Release|x64.ActiveCfg = Release|Any CPU
		{7C90AE7E-2097-4DC5-B7EF-B5994C1C267D}.Release|x64.Build.0 = Release|Any CPU
		{369B8D28-C481-465D-A531-DA6129775ECE}.Debug|Any CPU.ActiveCfg = Debug|Any CPU
		{369B8D28-C481-465D-A531-DA6129775ECE}.Debug|Any CPU.Build.0 = Debug|Any CPU
		{369B8D28-C481-465D-A531-DA6129775ECE}.Debug|x64.ActiveCfg = Debug|Any CPU
		{369B8D28-C481-465D-A531-DA6129775ECE}.Debug|x64.Build.0 = Debug|Any CPU
		{369B8D28-C481-465D-A531-DA6129775ECE}.Release|Any CPU.ActiveCfg = Release|Any CPU
		{369B8D28-C481-465D-A531-DA6129775ECE}.Release|Any CPU.Build.0 = Release|Any CPU
		{369B8D28-C481-465D-A531-DA6129775ECE}.Release|x64.ActiveCfg = Release|Any CPU
		{369B8D28-C481-465D-A531-DA6129775ECE}.Release|x64.Build.0 = Release|Any CPU
		{E24D8723-BD4A-4714-A975-138C8F25E599}.Debug|Any CPU.ActiveCfg = Debug|Any CPU
		{E24D8723-BD4A-4714-A975-138C8F25E599}.Debug|Any CPU.Build.0 = Debug|Any CPU
		{E24D8723-BD4A-4714-A975-138C8F25E599}.Debug|x64.ActiveCfg = Debug|Any CPU
		{E24D8723-BD4A-4714-A975-138C8F25E599}.Debug|x64.Build.0 = Debug|Any CPU
		{E24D8723-BD4A-4714-A975-138C8F25E599}.Release|Any CPU.ActiveCfg = Release|Any CPU
		{E24D8723-BD4A-4714-A975-138C8F25E599}.Release|Any CPU.Build.0 = Release|Any CPU
		{E24D8723-BD4A-4714-A975-138C8F25E599}.Release|x64.ActiveCfg = Release|Any CPU
		{E24D8723-BD4A-4714-A975-138C8F25E599}.Release|x64.Build.0 = Release|Any CPU
		{051CA9CC-4350-4913-8F4B-0187284F8814}.Debug|Any CPU.ActiveCfg = Debug|Any CPU
		{051CA9CC-4350-4913-8F4B-0187284F8814}.Debug|Any CPU.Build.0 = Debug|Any CPU
		{051CA9CC-4350-4913-8F4B-0187284F8814}.Debug|x64.ActiveCfg = Debug|Any CPU
		{051CA9CC-4350-4913-8F4B-0187284F8814}.Debug|x64.Build.0 = Debug|Any CPU
		{051CA9CC-4350-4913-8F4B-0187284F8814}.Release|Any CPU.ActiveCfg = Release|Any CPU
		{051CA9CC-4350-4913-8F4B-0187284F8814}.Release|Any CPU.Build.0 = Release|Any CPU
		{051CA9CC-4350-4913-8F4B-0187284F8814}.Release|x64.ActiveCfg = Release|Any CPU
		{051CA9CC-4350-4913-8F4B-0187284F8814}.Release|x64.Build.0 = Release|Any CPU
		{9309A31E-B451-46A7-87D9-C6CC2CB37BAB}.Debug|Any CPU.ActiveCfg = Debug|Any CPU
		{9309A31E-B451-46A7-87D9-C6CC2CB37BAB}.Debug|Any CPU.Build.0 = Debug|Any CPU
		{9309A31E-B451-46A7-87D9-C6CC2CB37BAB}.Debug|x64.ActiveCfg = Debug|Any CPU
		{9309A31E-B451-46A7-87D9-C6CC2CB37BAB}.Debug|x64.Build.0 = Debug|Any CPU
		{9309A31E-B451-46A7-87D9-C6CC2CB37BAB}.Release|Any CPU.ActiveCfg = Release|Any CPU
		{9309A31E-B451-46A7-87D9-C6CC2CB37BAB}.Release|Any CPU.Build.0 = Release|Any CPU
		{9309A31E-B451-46A7-87D9-C6CC2CB37BAB}.Release|x64.ActiveCfg = Release|Any CPU
		{9309A31E-B451-46A7-87D9-C6CC2CB37BAB}.Release|x64.Build.0 = Release|Any CPU
		{7638AF58-0336-4707-B3EE-AD69EB936084}.Debug|Any CPU.ActiveCfg = Debug|Any CPU
		{7638AF58-0336-4707-B3EE-AD69EB936084}.Debug|Any CPU.Build.0 = Debug|Any CPU
		{7638AF58-0336-4707-B3EE-AD69EB936084}.Debug|x64.ActiveCfg = Debug|Any CPU
		{7638AF58-0336-4707-B3EE-AD69EB936084}.Debug|x64.Build.0 = Debug|Any CPU
		{7638AF58-0336-4707-B3EE-AD69EB936084}.Release|Any CPU.ActiveCfg = Release|Any CPU
		{7638AF58-0336-4707-B3EE-AD69EB936084}.Release|Any CPU.Build.0 = Release|Any CPU
		{7638AF58-0336-4707-B3EE-AD69EB936084}.Release|x64.ActiveCfg = Release|Any CPU
		{7638AF58-0336-4707-B3EE-AD69EB936084}.Release|x64.Build.0 = Release|Any CPU
		{A3C024DC-83D3-4D9A-B8F5-AB7600038AB9}.Debug|Any CPU.ActiveCfg = Debug|Any CPU
		{A3C024DC-83D3-4D9A-B8F5-AB7600038AB9}.Debug|Any CPU.Build.0 = Debug|Any CPU
		{A3C024DC-83D3-4D9A-B8F5-AB7600038AB9}.Debug|x64.ActiveCfg = Debug|Any CPU
		{A3C024DC-83D3-4D9A-B8F5-AB7600038AB9}.Debug|x64.Build.0 = Debug|Any CPU
		{A3C024DC-83D3-4D9A-B8F5-AB7600038AB9}.Release|Any CPU.ActiveCfg = Release|Any CPU
		{A3C024DC-83D3-4D9A-B8F5-AB7600038AB9}.Release|Any CPU.Build.0 = Release|Any CPU
		{A3C024DC-83D3-4D9A-B8F5-AB7600038AB9}.Release|x64.ActiveCfg = Release|Any CPU
		{A3C024DC-83D3-4D9A-B8F5-AB7600038AB9}.Release|x64.Build.0 = Release|Any CPU
		{6EB59D41-EEA3-41BC-9F0A-9BAEA809E81B}.Debug|Any CPU.ActiveCfg = Debug|Any CPU
		{6EB59D41-EEA3-41BC-9F0A-9BAEA809E81B}.Debug|Any CPU.Build.0 = Debug|Any CPU
		{6EB59D41-EEA3-41BC-9F0A-9BAEA809E81B}.Debug|x64.ActiveCfg = Debug|Any CPU
		{6EB59D41-EEA3-41BC-9F0A-9BAEA809E81B}.Debug|x64.Build.0 = Debug|Any CPU
		{6EB59D41-EEA3-41BC-9F0A-9BAEA809E81B}.Release|Any CPU.ActiveCfg = Release|Any CPU
		{6EB59D41-EEA3-41BC-9F0A-9BAEA809E81B}.Release|Any CPU.Build.0 = Release|Any CPU
		{6EB59D41-EEA3-41BC-9F0A-9BAEA809E81B}.Release|x64.ActiveCfg = Release|Any CPU
		{6EB59D41-EEA3-41BC-9F0A-9BAEA809E81B}.Release|x64.Build.0 = Release|Any CPU
		{6D82F63F-1E44-4A1D-8CEE-4B7981B8C5E1}.Debug|Any CPU.ActiveCfg = Debug|Any CPU
		{6D82F63F-1E44-4A1D-8CEE-4B7981B8C5E1}.Debug|Any CPU.Build.0 = Debug|Any CPU
		{6D82F63F-1E44-4A1D-8CEE-4B7981B8C5E1}.Debug|x64.ActiveCfg = Debug|Any CPU
		{6D82F63F-1E44-4A1D-8CEE-4B7981B8C5E1}.Debug|x64.Build.0 = Debug|Any CPU
		{6D82F63F-1E44-4A1D-8CEE-4B7981B8C5E1}.Release|Any CPU.ActiveCfg = Release|Any CPU
		{6D82F63F-1E44-4A1D-8CEE-4B7981B8C5E1}.Release|Any CPU.Build.0 = Release|Any CPU
		{6D82F63F-1E44-4A1D-8CEE-4B7981B8C5E1}.Release|x64.ActiveCfg = Release|Any CPU
		{6D82F63F-1E44-4A1D-8CEE-4B7981B8C5E1}.Release|x64.Build.0 = Release|Any CPU
		{EE92270B-20CC-44C2-929A-0CC761445254}.Debug|Any CPU.ActiveCfg = Debug|Any CPU
		{EE92270B-20CC-44C2-929A-0CC761445254}.Debug|Any CPU.Build.0 = Debug|Any CPU
		{EE92270B-20CC-44C2-929A-0CC761445254}.Debug|x64.ActiveCfg = Debug|Any CPU
		{EE92270B-20CC-44C2-929A-0CC761445254}.Debug|x64.Build.0 = Debug|Any CPU
		{EE92270B-20CC-44C2-929A-0CC761445254}.Release|Any CPU.ActiveCfg = Release|Any CPU
		{EE92270B-20CC-44C2-929A-0CC761445254}.Release|Any CPU.Build.0 = Release|Any CPU
		{EE92270B-20CC-44C2-929A-0CC761445254}.Release|x64.ActiveCfg = Release|Any CPU
		{EE92270B-20CC-44C2-929A-0CC761445254}.Release|x64.Build.0 = Release|Any CPU
		{1A937138-55D9-437C-8613-F01C8F126ABE}.Debug|Any CPU.ActiveCfg = Debug|Any CPU
		{1A937138-55D9-437C-8613-F01C8F126ABE}.Debug|Any CPU.Build.0 = Debug|Any CPU
		{1A937138-55D9-437C-8613-F01C8F126ABE}.Debug|x64.ActiveCfg = Debug|Any CPU
		{1A937138-55D9-437C-8613-F01C8F126ABE}.Debug|x64.Build.0 = Debug|Any CPU
		{1A937138-55D9-437C-8613-F01C8F126ABE}.Release|Any CPU.ActiveCfg = Release|Any CPU
		{1A937138-55D9-437C-8613-F01C8F126ABE}.Release|Any CPU.Build.0 = Release|Any CPU
		{1A937138-55D9-437C-8613-F01C8F126ABE}.Release|x64.ActiveCfg = Release|Any CPU
		{1A937138-55D9-437C-8613-F01C8F126ABE}.Release|x64.Build.0 = Release|Any CPU
		{5534A968-1A45-4DC5-B428-A461E1F30D2F}.Debug|Any CPU.ActiveCfg = Debug|Any CPU
		{5534A968-1A45-4DC5-B428-A461E1F30D2F}.Debug|Any CPU.Build.0 = Debug|Any CPU
		{5534A968-1A45-4DC5-B428-A461E1F30D2F}.Debug|x64.ActiveCfg = Debug|Any CPU
		{5534A968-1A45-4DC5-B428-A461E1F30D2F}.Debug|x64.Build.0 = Debug|Any CPU
		{5534A968-1A45-4DC5-B428-A461E1F30D2F}.Release|Any CPU.ActiveCfg = Release|Any CPU
		{5534A968-1A45-4DC5-B428-A461E1F30D2F}.Release|Any CPU.Build.0 = Release|Any CPU
		{5534A968-1A45-4DC5-B428-A461E1F30D2F}.Release|x64.ActiveCfg = Release|Any CPU
		{5534A968-1A45-4DC5-B428-A461E1F30D2F}.Release|x64.Build.0 = Release|Any CPU
		{FC2A1299-8725-4A47-85D7-175FBEC605E4}.Debug|Any CPU.ActiveCfg = Debug|Any CPU
		{FC2A1299-8725-4A47-85D7-175FBEC605E4}.Debug|Any CPU.Build.0 = Debug|Any CPU
		{FC2A1299-8725-4A47-85D7-175FBEC605E4}.Debug|x64.ActiveCfg = Debug|Any CPU
		{FC2A1299-8725-4A47-85D7-175FBEC605E4}.Debug|x64.Build.0 = Debug|Any CPU
		{FC2A1299-8725-4A47-85D7-175FBEC605E4}.Release|Any CPU.ActiveCfg = Release|Any CPU
		{FC2A1299-8725-4A47-85D7-175FBEC605E4}.Release|Any CPU.Build.0 = Release|Any CPU
		{FC2A1299-8725-4A47-85D7-175FBEC605E4}.Release|x64.ActiveCfg = Release|Any CPU
		{FC2A1299-8725-4A47-85D7-175FBEC605E4}.Release|x64.Build.0 = Release|Any CPU
		{2A84E602-EE09-4E76-85E4-136F50D27026}.Debug|Any CPU.ActiveCfg = Debug|Any CPU
		{2A84E602-EE09-4E76-85E4-136F50D27026}.Debug|Any CPU.Build.0 = Debug|Any CPU
		{2A84E602-EE09-4E76-85E4-136F50D27026}.Debug|x64.ActiveCfg = Debug|Any CPU
		{2A84E602-EE09-4E76-85E4-136F50D27026}.Debug|x64.Build.0 = Debug|Any CPU
		{2A84E602-EE09-4E76-85E4-136F50D27026}.Release|Any CPU.ActiveCfg = Release|Any CPU
		{2A84E602-EE09-4E76-85E4-136F50D27026}.Release|Any CPU.Build.0 = Release|Any CPU
		{2A84E602-EE09-4E76-85E4-136F50D27026}.Release|x64.ActiveCfg = Release|Any CPU
		{2A84E602-EE09-4E76-85E4-136F50D27026}.Release|x64.Build.0 = Release|Any CPU
		{58DF9E90-A8B3-40DE-960F-0231E4CCDBE7}.Debug|Any CPU.ActiveCfg = Debug|Any CPU
		{58DF9E90-A8B3-40DE-960F-0231E4CCDBE7}.Debug|Any CPU.Build.0 = Debug|Any CPU
		{58DF9E90-A8B3-40DE-960F-0231E4CCDBE7}.Debug|x64.ActiveCfg = Debug|Any CPU
		{58DF9E90-A8B3-40DE-960F-0231E4CCDBE7}.Debug|x64.Build.0 = Debug|Any CPU
		{58DF9E90-A8B3-40DE-960F-0231E4CCDBE7}.Release|Any CPU.ActiveCfg = Release|Any CPU
		{58DF9E90-A8B3-40DE-960F-0231E4CCDBE7}.Release|Any CPU.Build.0 = Release|Any CPU
		{58DF9E90-A8B3-40DE-960F-0231E4CCDBE7}.Release|x64.ActiveCfg = Release|Any CPU
		{58DF9E90-A8B3-40DE-960F-0231E4CCDBE7}.Release|x64.Build.0 = Release|Any CPU
		{B42F2987-B049-46FD-B42E-7CE1758CD57C}.Debug|Any CPU.ActiveCfg = Debug|Any CPU
		{B42F2987-B049-46FD-B42E-7CE1758CD57C}.Debug|Any CPU.Build.0 = Debug|Any CPU
		{B42F2987-B049-46FD-B42E-7CE1758CD57C}.Debug|x64.ActiveCfg = Debug|Any CPU
		{B42F2987-B049-46FD-B42E-7CE1758CD57C}.Debug|x64.Build.0 = Debug|Any CPU
		{B42F2987-B049-46FD-B42E-7CE1758CD57C}.Release|Any CPU.ActiveCfg = Release|Any CPU
		{B42F2987-B049-46FD-B42E-7CE1758CD57C}.Release|Any CPU.Build.0 = Release|Any CPU
		{B42F2987-B049-46FD-B42E-7CE1758CD57C}.Release|x64.ActiveCfg = Release|Any CPU
		{B42F2987-B049-46FD-B42E-7CE1758CD57C}.Release|x64.Build.0 = Release|Any CPU
		{CCA9C7AF-4F62-42C7-9098-CC930611AEF6}.Debug|Any CPU.ActiveCfg = Debug|Any CPU
		{CCA9C7AF-4F62-42C7-9098-CC930611AEF6}.Debug|Any CPU.Build.0 = Debug|Any CPU
		{CCA9C7AF-4F62-42C7-9098-CC930611AEF6}.Debug|x64.ActiveCfg = Debug|Any CPU
		{CCA9C7AF-4F62-42C7-9098-CC930611AEF6}.Debug|x64.Build.0 = Debug|Any CPU
		{CCA9C7AF-4F62-42C7-9098-CC930611AEF6}.Release|Any CPU.ActiveCfg = Release|Any CPU
		{CCA9C7AF-4F62-42C7-9098-CC930611AEF6}.Release|Any CPU.Build.0 = Release|Any CPU
		{CCA9C7AF-4F62-42C7-9098-CC930611AEF6}.Release|x64.ActiveCfg = Release|Any CPU
		{CCA9C7AF-4F62-42C7-9098-CC930611AEF6}.Release|x64.Build.0 = Release|Any CPU
		{23565A2E-1436-4D66-8EE0-DC61CF7F85D8}.Debug|Any CPU.ActiveCfg = Debug|Any CPU
		{23565A2E-1436-4D66-8EE0-DC61CF7F85D8}.Debug|Any CPU.Build.0 = Debug|Any CPU
		{23565A2E-1436-4D66-8EE0-DC61CF7F85D8}.Debug|x64.ActiveCfg = Debug|Any CPU
		{23565A2E-1436-4D66-8EE0-DC61CF7F85D8}.Debug|x64.Build.0 = Debug|Any CPU
		{23565A2E-1436-4D66-8EE0-DC61CF7F85D8}.Release|Any CPU.ActiveCfg = Release|Any CPU
		{23565A2E-1436-4D66-8EE0-DC61CF7F85D8}.Release|Any CPU.Build.0 = Release|Any CPU
		{23565A2E-1436-4D66-8EE0-DC61CF7F85D8}.Release|x64.ActiveCfg = Release|Any CPU
		{23565A2E-1436-4D66-8EE0-DC61CF7F85D8}.Release|x64.Build.0 = Release|Any CPU
		{AB5FD761-B06B-41A1-87A3-090574534884}.Debug|Any CPU.ActiveCfg = Debug|Any CPU
		{AB5FD761-B06B-41A1-87A3-090574534884}.Debug|Any CPU.Build.0 = Debug|Any CPU
		{AB5FD761-B06B-41A1-87A3-090574534884}.Debug|x64.ActiveCfg = Debug|Any CPU
		{AB5FD761-B06B-41A1-87A3-090574534884}.Debug|x64.Build.0 = Debug|Any CPU
		{AB5FD761-B06B-41A1-87A3-090574534884}.Release|Any CPU.ActiveCfg = Release|Any CPU
		{AB5FD761-B06B-41A1-87A3-090574534884}.Release|Any CPU.Build.0 = Release|Any CPU
		{AB5FD761-B06B-41A1-87A3-090574534884}.Release|x64.ActiveCfg = Release|Any CPU
		{AB5FD761-B06B-41A1-87A3-090574534884}.Release|x64.Build.0 = Release|Any CPU
		{8316063D-88FD-48F5-9BA9-10139CFCE81A}.Debug|Any CPU.ActiveCfg = Debug|Any CPU
		{8316063D-88FD-48F5-9BA9-10139CFCE81A}.Debug|Any CPU.Build.0 = Debug|Any CPU
		{8316063D-88FD-48F5-9BA9-10139CFCE81A}.Debug|x64.ActiveCfg = Debug|Any CPU
		{8316063D-88FD-48F5-9BA9-10139CFCE81A}.Debug|x64.Build.0 = Debug|Any CPU
		{8316063D-88FD-48F5-9BA9-10139CFCE81A}.Release|Any CPU.ActiveCfg = Release|Any CPU
		{8316063D-88FD-48F5-9BA9-10139CFCE81A}.Release|Any CPU.Build.0 = Release|Any CPU
		{8316063D-88FD-48F5-9BA9-10139CFCE81A}.Release|x64.ActiveCfg = Release|Any CPU
		{8316063D-88FD-48F5-9BA9-10139CFCE81A}.Release|x64.Build.0 = Release|Any CPU
		{16444F45-0535-4D67-A1EA-FD5E30B621B8}.Debug|Any CPU.ActiveCfg = Debug|Any CPU
		{16444F45-0535-4D67-A1EA-FD5E30B621B8}.Debug|Any CPU.Build.0 = Debug|Any CPU
		{16444F45-0535-4D67-A1EA-FD5E30B621B8}.Debug|x64.ActiveCfg = Debug|Any CPU
		{16444F45-0535-4D67-A1EA-FD5E30B621B8}.Debug|x64.Build.0 = Debug|Any CPU
		{16444F45-0535-4D67-A1EA-FD5E30B621B8}.Release|Any CPU.ActiveCfg = Release|Any CPU
		{16444F45-0535-4D67-A1EA-FD5E30B621B8}.Release|Any CPU.Build.0 = Release|Any CPU
		{16444F45-0535-4D67-A1EA-FD5E30B621B8}.Release|x64.ActiveCfg = Release|Any CPU
		{16444F45-0535-4D67-A1EA-FD5E30B621B8}.Release|x64.Build.0 = Release|Any CPU
		{6090ACC8-941D-4D50-AFF7-F6AD08D40AF7}.Debug|Any CPU.ActiveCfg = Debug|Any CPU
		{6090ACC8-941D-4D50-AFF7-F6AD08D40AF7}.Debug|Any CPU.Build.0 = Debug|Any CPU
		{6090ACC8-941D-4D50-AFF7-F6AD08D40AF7}.Debug|x64.ActiveCfg = Debug|Any CPU
		{6090ACC8-941D-4D50-AFF7-F6AD08D40AF7}.Debug|x64.Build.0 = Debug|Any CPU
		{6090ACC8-941D-4D50-AFF7-F6AD08D40AF7}.Release|Any CPU.ActiveCfg = Release|Any CPU
		{6090ACC8-941D-4D50-AFF7-F6AD08D40AF7}.Release|Any CPU.Build.0 = Release|Any CPU
		{6090ACC8-941D-4D50-AFF7-F6AD08D40AF7}.Release|x64.ActiveCfg = Release|Any CPU
		{6090ACC8-941D-4D50-AFF7-F6AD08D40AF7}.Release|x64.Build.0 = Release|Any CPU
		{FFF15EBC-F28E-4917-9691-B8A4EE5C14C0}.Debug|Any CPU.ActiveCfg = Debug|Any CPU
		{FFF15EBC-F28E-4917-9691-B8A4EE5C14C0}.Debug|Any CPU.Build.0 = Debug|Any CPU
		{FFF15EBC-F28E-4917-9691-B8A4EE5C14C0}.Debug|x64.ActiveCfg = Debug|Any CPU
		{FFF15EBC-F28E-4917-9691-B8A4EE5C14C0}.Debug|x64.Build.0 = Debug|Any CPU
		{FFF15EBC-F28E-4917-9691-B8A4EE5C14C0}.Release|Any CPU.ActiveCfg = Release|Any CPU
		{FFF15EBC-F28E-4917-9691-B8A4EE5C14C0}.Release|Any CPU.Build.0 = Release|Any CPU
		{FFF15EBC-F28E-4917-9691-B8A4EE5C14C0}.Release|x64.ActiveCfg = Release|Any CPU
		{FFF15EBC-F28E-4917-9691-B8A4EE5C14C0}.Release|x64.Build.0 = Release|Any CPU
		{1F65BD5B-325C-49DA-A85E-11A9D20DA2D3}.Debug|Any CPU.ActiveCfg = Debug|Any CPU
		{1F65BD5B-325C-49DA-A85E-11A9D20DA2D3}.Debug|Any CPU.Build.0 = Debug|Any CPU
		{1F65BD5B-325C-49DA-A85E-11A9D20DA2D3}.Debug|x64.ActiveCfg = Debug|Any CPU
		{1F65BD5B-325C-49DA-A85E-11A9D20DA2D3}.Debug|x64.Build.0 = Debug|Any CPU
		{1F65BD5B-325C-49DA-A85E-11A9D20DA2D3}.Release|Any CPU.ActiveCfg = Release|Any CPU
		{1F65BD5B-325C-49DA-A85E-11A9D20DA2D3}.Release|Any CPU.Build.0 = Release|Any CPU
		{1F65BD5B-325C-49DA-A85E-11A9D20DA2D3}.Release|x64.ActiveCfg = Release|Any CPU
		{1F65BD5B-325C-49DA-A85E-11A9D20DA2D3}.Release|x64.Build.0 = Release|Any CPU
		{1DBB865A-7BEA-4422-8BDD-DBEF1B9B5F9F}.Debug|Any CPU.ActiveCfg = Debug|Any CPU
		{1DBB865A-7BEA-4422-8BDD-DBEF1B9B5F9F}.Debug|Any CPU.Build.0 = Debug|Any CPU
		{1DBB865A-7BEA-4422-8BDD-DBEF1B9B5F9F}.Debug|x64.ActiveCfg = Debug|Any CPU
		{1DBB865A-7BEA-4422-8BDD-DBEF1B9B5F9F}.Debug|x64.Build.0 = Debug|Any CPU
		{1DBB865A-7BEA-4422-8BDD-DBEF1B9B5F9F}.Release|Any CPU.ActiveCfg = Release|Any CPU
		{1DBB865A-7BEA-4422-8BDD-DBEF1B9B5F9F}.Release|Any CPU.Build.0 = Release|Any CPU
		{1DBB865A-7BEA-4422-8BDD-DBEF1B9B5F9F}.Release|x64.ActiveCfg = Release|Any CPU
		{1DBB865A-7BEA-4422-8BDD-DBEF1B9B5F9F}.Release|x64.Build.0 = Release|Any CPU
		{112A411E-F669-40B9-8D66-D66266A859D4}.Debug|Any CPU.ActiveCfg = Debug|Any CPU
		{112A411E-F669-40B9-8D66-D66266A859D4}.Debug|Any CPU.Build.0 = Debug|Any CPU
		{112A411E-F669-40B9-8D66-D66266A859D4}.Debug|x64.ActiveCfg = Debug|Any CPU
		{112A411E-F669-40B9-8D66-D66266A859D4}.Debug|x64.Build.0 = Debug|Any CPU
		{112A411E-F669-40B9-8D66-D66266A859D4}.Release|Any CPU.ActiveCfg = Release|Any CPU
		{112A411E-F669-40B9-8D66-D66266A859D4}.Release|Any CPU.Build.0 = Release|Any CPU
		{112A411E-F669-40B9-8D66-D66266A859D4}.Release|x64.ActiveCfg = Release|Any CPU
		{112A411E-F669-40B9-8D66-D66266A859D4}.Release|x64.Build.0 = Release|Any CPU
		{C093A401-28BC-437F-93A8-4A1D64BECE3D}.Debug|Any CPU.ActiveCfg = Debug|Any CPU
		{C093A401-28BC-437F-93A8-4A1D64BECE3D}.Debug|Any CPU.Build.0 = Debug|Any CPU
		{C093A401-28BC-437F-93A8-4A1D64BECE3D}.Debug|x64.ActiveCfg = Debug|Any CPU
		{C093A401-28BC-437F-93A8-4A1D64BECE3D}.Debug|x64.Build.0 = Debug|Any CPU
		{C093A401-28BC-437F-93A8-4A1D64BECE3D}.Release|Any CPU.ActiveCfg = Release|Any CPU
		{C093A401-28BC-437F-93A8-4A1D64BECE3D}.Release|Any CPU.Build.0 = Release|Any CPU
		{C093A401-28BC-437F-93A8-4A1D64BECE3D}.Release|x64.ActiveCfg = Release|Any CPU
		{C093A401-28BC-437F-93A8-4A1D64BECE3D}.Release|x64.Build.0 = Release|Any CPU
		{26B1795D-DC54-4D48-846E-E2D0812BB184}.Debug|Any CPU.ActiveCfg = Debug|Any CPU
		{26B1795D-DC54-4D48-846E-E2D0812BB184}.Debug|Any CPU.Build.0 = Debug|Any CPU
		{26B1795D-DC54-4D48-846E-E2D0812BB184}.Debug|x64.ActiveCfg = Debug|Any CPU
		{26B1795D-DC54-4D48-846E-E2D0812BB184}.Debug|x64.Build.0 = Debug|Any CPU
		{26B1795D-DC54-4D48-846E-E2D0812BB184}.Release|Any CPU.ActiveCfg = Release|Any CPU
		{26B1795D-DC54-4D48-846E-E2D0812BB184}.Release|Any CPU.Build.0 = Release|Any CPU
		{26B1795D-DC54-4D48-846E-E2D0812BB184}.Release|x64.ActiveCfg = Release|Any CPU
		{26B1795D-DC54-4D48-846E-E2D0812BB184}.Release|x64.Build.0 = Release|Any CPU
		{340FF08A-75E8-401F-9EBB-1774502ABF94}.Debug|Any CPU.ActiveCfg = Debug|Any CPU
		{340FF08A-75E8-401F-9EBB-1774502ABF94}.Debug|Any CPU.Build.0 = Debug|Any CPU
		{340FF08A-75E8-401F-9EBB-1774502ABF94}.Debug|x64.ActiveCfg = Debug|Any CPU
		{340FF08A-75E8-401F-9EBB-1774502ABF94}.Debug|x64.Build.0 = Debug|Any CPU
		{340FF08A-75E8-401F-9EBB-1774502ABF94}.Release|Any CPU.ActiveCfg = Release|Any CPU
		{340FF08A-75E8-401F-9EBB-1774502ABF94}.Release|Any CPU.Build.0 = Release|Any CPU
		{340FF08A-75E8-401F-9EBB-1774502ABF94}.Release|x64.ActiveCfg = Release|Any CPU
		{340FF08A-75E8-401F-9EBB-1774502ABF94}.Release|x64.Build.0 = Release|Any CPU
		{F8C09C47-FCBF-43DC-8E83-A698EFF477D7}.Debug|Any CPU.ActiveCfg = Debug|Any CPU
		{F8C09C47-FCBF-43DC-8E83-A698EFF477D7}.Debug|Any CPU.Build.0 = Debug|Any CPU
		{F8C09C47-FCBF-43DC-8E83-A698EFF477D7}.Debug|x64.ActiveCfg = Debug|Any CPU
		{F8C09C47-FCBF-43DC-8E83-A698EFF477D7}.Debug|x64.Build.0 = Debug|Any CPU
		{F8C09C47-FCBF-43DC-8E83-A698EFF477D7}.Release|Any CPU.ActiveCfg = Release|Any CPU
		{F8C09C47-FCBF-43DC-8E83-A698EFF477D7}.Release|Any CPU.Build.0 = Release|Any CPU
		{F8C09C47-FCBF-43DC-8E83-A698EFF477D7}.Release|x64.ActiveCfg = Release|Any CPU
		{F8C09C47-FCBF-43DC-8E83-A698EFF477D7}.Release|x64.Build.0 = Release|Any CPU
		{1B70A4B9-66F1-4F40-8361-63C2E33B4BE9}.Debug|Any CPU.ActiveCfg = Debug|Any CPU
		{1B70A4B9-66F1-4F40-8361-63C2E33B4BE9}.Debug|Any CPU.Build.0 = Debug|Any CPU
		{1B70A4B9-66F1-4F40-8361-63C2E33B4BE9}.Debug|x64.ActiveCfg = Debug|Any CPU
		{1B70A4B9-66F1-4F40-8361-63C2E33B4BE9}.Debug|x64.Build.0 = Debug|Any CPU
		{1B70A4B9-66F1-4F40-8361-63C2E33B4BE9}.Release|Any CPU.ActiveCfg = Release|Any CPU
		{1B70A4B9-66F1-4F40-8361-63C2E33B4BE9}.Release|Any CPU.Build.0 = Release|Any CPU
		{1B70A4B9-66F1-4F40-8361-63C2E33B4BE9}.Release|x64.ActiveCfg = Release|Any CPU
		{1B70A4B9-66F1-4F40-8361-63C2E33B4BE9}.Release|x64.Build.0 = Release|Any CPU
		{1391024D-E40E-4451-A6EB-0CCDDC2A58E5}.Debug|Any CPU.ActiveCfg = Debug|Any CPU
		{1391024D-E40E-4451-A6EB-0CCDDC2A58E5}.Debug|Any CPU.Build.0 = Debug|Any CPU
		{1391024D-E40E-4451-A6EB-0CCDDC2A58E5}.Debug|x64.ActiveCfg = Debug|Any CPU
		{1391024D-E40E-4451-A6EB-0CCDDC2A58E5}.Debug|x64.Build.0 = Debug|Any CPU
		{1391024D-E40E-4451-A6EB-0CCDDC2A58E5}.Release|Any CPU.ActiveCfg = Release|Any CPU
		{1391024D-E40E-4451-A6EB-0CCDDC2A58E5}.Release|Any CPU.Build.0 = Release|Any CPU
		{1391024D-E40E-4451-A6EB-0CCDDC2A58E5}.Release|x64.ActiveCfg = Release|Any CPU
		{1391024D-E40E-4451-A6EB-0CCDDC2A58E5}.Release|x64.Build.0 = Release|Any CPU
		{20BC86B9-917C-4D4A-AD9D-48BDF398B417}.Debug|Any CPU.ActiveCfg = Debug|Any CPU
		{20BC86B9-917C-4D4A-AD9D-48BDF398B417}.Debug|Any CPU.Build.0 = Debug|Any CPU
		{20BC86B9-917C-4D4A-AD9D-48BDF398B417}.Debug|x64.ActiveCfg = Debug|Any CPU
		{20BC86B9-917C-4D4A-AD9D-48BDF398B417}.Debug|x64.Build.0 = Debug|Any CPU
		{20BC86B9-917C-4D4A-AD9D-48BDF398B417}.Release|Any CPU.ActiveCfg = Release|Any CPU
		{20BC86B9-917C-4D4A-AD9D-48BDF398B417}.Release|Any CPU.Build.0 = Release|Any CPU
		{20BC86B9-917C-4D4A-AD9D-48BDF398B417}.Release|x64.ActiveCfg = Release|Any CPU
		{20BC86B9-917C-4D4A-AD9D-48BDF398B417}.Release|x64.Build.0 = Release|Any CPU
		{FDADF3A5-7C59-4643-BBD5-93DD904C5E68}.Debug|Any CPU.ActiveCfg = Debug|Any CPU
		{FDADF3A5-7C59-4643-BBD5-93DD904C5E68}.Debug|Any CPU.Build.0 = Debug|Any CPU
		{FDADF3A5-7C59-4643-BBD5-93DD904C5E68}.Debug|x64.ActiveCfg = Debug|Any CPU
		{FDADF3A5-7C59-4643-BBD5-93DD904C5E68}.Debug|x64.Build.0 = Debug|Any CPU
		{FDADF3A5-7C59-4643-BBD5-93DD904C5E68}.Release|Any CPU.ActiveCfg = Release|Any CPU
		{FDADF3A5-7C59-4643-BBD5-93DD904C5E68}.Release|Any CPU.Build.0 = Release|Any CPU
		{FDADF3A5-7C59-4643-BBD5-93DD904C5E68}.Release|x64.ActiveCfg = Release|Any CPU
		{FDADF3A5-7C59-4643-BBD5-93DD904C5E68}.Release|x64.Build.0 = Release|Any CPU
		{F8EB3CA0-1905-4125-B76A-76CE9071C1B7}.Debug|Any CPU.ActiveCfg = Debug|Any CPU
		{F8EB3CA0-1905-4125-B76A-76CE9071C1B7}.Debug|Any CPU.Build.0 = Debug|Any CPU
		{F8EB3CA0-1905-4125-B76A-76CE9071C1B7}.Debug|x64.ActiveCfg = Debug|Any CPU
		{F8EB3CA0-1905-4125-B76A-76CE9071C1B7}.Debug|x64.Build.0 = Debug|Any CPU
		{F8EB3CA0-1905-4125-B76A-76CE9071C1B7}.Release|Any CPU.ActiveCfg = Release|Any CPU
		{F8EB3CA0-1905-4125-B76A-76CE9071C1B7}.Release|Any CPU.Build.0 = Release|Any CPU
		{F8EB3CA0-1905-4125-B76A-76CE9071C1B7}.Release|x64.ActiveCfg = Release|Any CPU
		{F8EB3CA0-1905-4125-B76A-76CE9071C1B7}.Release|x64.Build.0 = Release|Any CPU
		{2A4F222B-2E4E-4356-AAAA-59767AD1340D}.Debug|Any CPU.ActiveCfg = Debug|Any CPU
		{2A4F222B-2E4E-4356-AAAA-59767AD1340D}.Debug|Any CPU.Build.0 = Debug|Any CPU
		{2A4F222B-2E4E-4356-AAAA-59767AD1340D}.Debug|x64.ActiveCfg = Debug|Any CPU
		{2A4F222B-2E4E-4356-AAAA-59767AD1340D}.Debug|x64.Build.0 = Debug|Any CPU
		{2A4F222B-2E4E-4356-AAAA-59767AD1340D}.Release|Any CPU.ActiveCfg = Release|Any CPU
		{2A4F222B-2E4E-4356-AAAA-59767AD1340D}.Release|Any CPU.Build.0 = Release|Any CPU
		{2A4F222B-2E4E-4356-AAAA-59767AD1340D}.Release|x64.ActiveCfg = Release|Any CPU
		{2A4F222B-2E4E-4356-AAAA-59767AD1340D}.Release|x64.Build.0 = Release|Any CPU
		{60923F33-EA0E-4F7F-888C-F741F9D46402}.Debug|Any CPU.ActiveCfg = Debug|Any CPU
		{60923F33-EA0E-4F7F-888C-F741F9D46402}.Debug|Any CPU.Build.0 = Debug|Any CPU
		{60923F33-EA0E-4F7F-888C-F741F9D46402}.Debug|x64.ActiveCfg = Debug|Any CPU
		{60923F33-EA0E-4F7F-888C-F741F9D46402}.Debug|x64.Build.0 = Debug|Any CPU
		{60923F33-EA0E-4F7F-888C-F741F9D46402}.Release|Any CPU.ActiveCfg = Release|Any CPU
		{60923F33-EA0E-4F7F-888C-F741F9D46402}.Release|Any CPU.Build.0 = Release|Any CPU
		{60923F33-EA0E-4F7F-888C-F741F9D46402}.Release|x64.ActiveCfg = Release|Any CPU
		{60923F33-EA0E-4F7F-888C-F741F9D46402}.Release|x64.Build.0 = Release|Any CPU
		{F92F3152-8F4A-43F9-BBD1-8217F4F6E4C9}.Debug|Any CPU.ActiveCfg = Debug|Any CPU
		{F92F3152-8F4A-43F9-BBD1-8217F4F6E4C9}.Debug|Any CPU.Build.0 = Debug|Any CPU
		{F92F3152-8F4A-43F9-BBD1-8217F4F6E4C9}.Debug|x64.ActiveCfg = Debug|Any CPU
		{F92F3152-8F4A-43F9-BBD1-8217F4F6E4C9}.Debug|x64.Build.0 = Debug|Any CPU
		{F92F3152-8F4A-43F9-BBD1-8217F4F6E4C9}.Release|Any CPU.ActiveCfg = Release|Any CPU
		{F92F3152-8F4A-43F9-BBD1-8217F4F6E4C9}.Release|Any CPU.Build.0 = Release|Any CPU
		{F92F3152-8F4A-43F9-BBD1-8217F4F6E4C9}.Release|x64.ActiveCfg = Release|Any CPU
		{F92F3152-8F4A-43F9-BBD1-8217F4F6E4C9}.Release|x64.Build.0 = Release|Any CPU
		{8F258F15-20CF-4F65-94C2-6850B6BEF7CA}.Debug|Any CPU.ActiveCfg = Debug|Any CPU
		{8F258F15-20CF-4F65-94C2-6850B6BEF7CA}.Debug|Any CPU.Build.0 = Debug|Any CPU
		{8F258F15-20CF-4F65-94C2-6850B6BEF7CA}.Debug|x64.ActiveCfg = Debug|Any CPU
		{8F258F15-20CF-4F65-94C2-6850B6BEF7CA}.Debug|x64.Build.0 = Debug|Any CPU
		{8F258F15-20CF-4F65-94C2-6850B6BEF7CA}.Release|Any CPU.ActiveCfg = Release|Any CPU
		{8F258F15-20CF-4F65-94C2-6850B6BEF7CA}.Release|Any CPU.Build.0 = Release|Any CPU
		{8F258F15-20CF-4F65-94C2-6850B6BEF7CA}.Release|x64.ActiveCfg = Release|Any CPU
		{8F258F15-20CF-4F65-94C2-6850B6BEF7CA}.Release|x64.Build.0 = Release|Any CPU
		{1C81E77B-2408-4752-9618-4889BE62EED5}.Debug|Any CPU.ActiveCfg = Debug|Any CPU
		{1C81E77B-2408-4752-9618-4889BE62EED5}.Debug|Any CPU.Build.0 = Debug|Any CPU
		{1C81E77B-2408-4752-9618-4889BE62EED5}.Debug|x64.ActiveCfg = Debug|Any CPU
		{1C81E77B-2408-4752-9618-4889BE62EED5}.Debug|x64.Build.0 = Debug|Any CPU
		{1C81E77B-2408-4752-9618-4889BE62EED5}.Release|Any CPU.ActiveCfg = Release|Any CPU
		{1C81E77B-2408-4752-9618-4889BE62EED5}.Release|Any CPU.Build.0 = Release|Any CPU
		{1C81E77B-2408-4752-9618-4889BE62EED5}.Release|x64.ActiveCfg = Release|Any CPU
		{1C81E77B-2408-4752-9618-4889BE62EED5}.Release|x64.Build.0 = Release|Any CPU
		{363008C6-1875-4281-9D03-981EF0E9A2F7}.Debug|Any CPU.ActiveCfg = Debug|Any CPU
		{363008C6-1875-4281-9D03-981EF0E9A2F7}.Debug|Any CPU.Build.0 = Debug|Any CPU
		{363008C6-1875-4281-9D03-981EF0E9A2F7}.Debug|x64.ActiveCfg = Debug|Any CPU
		{363008C6-1875-4281-9D03-981EF0E9A2F7}.Debug|x64.Build.0 = Debug|Any CPU
		{363008C6-1875-4281-9D03-981EF0E9A2F7}.Release|Any CPU.ActiveCfg = Release|Any CPU
		{363008C6-1875-4281-9D03-981EF0E9A2F7}.Release|Any CPU.Build.0 = Release|Any CPU
		{363008C6-1875-4281-9D03-981EF0E9A2F7}.Release|x64.ActiveCfg = Release|Any CPU
		{363008C6-1875-4281-9D03-981EF0E9A2F7}.Release|x64.Build.0 = Release|Any CPU
		{726E84AB-C8B4-4B51-92D8-9F6AFFE28EBA}.Debug|Any CPU.ActiveCfg = Debug|Any CPU
		{726E84AB-C8B4-4B51-92D8-9F6AFFE28EBA}.Debug|Any CPU.Build.0 = Debug|Any CPU
		{726E84AB-C8B4-4B51-92D8-9F6AFFE28EBA}.Debug|x64.ActiveCfg = Debug|Any CPU
		{726E84AB-C8B4-4B51-92D8-9F6AFFE28EBA}.Debug|x64.Build.0 = Debug|Any CPU
		{726E84AB-C8B4-4B51-92D8-9F6AFFE28EBA}.Release|Any CPU.ActiveCfg = Release|Any CPU
		{726E84AB-C8B4-4B51-92D8-9F6AFFE28EBA}.Release|Any CPU.Build.0 = Release|Any CPU
		{726E84AB-C8B4-4B51-92D8-9F6AFFE28EBA}.Release|x64.ActiveCfg = Release|Any CPU
		{726E84AB-C8B4-4B51-92D8-9F6AFFE28EBA}.Release|x64.Build.0 = Release|Any CPU
		{360051F5-CCB5-472A-8D7B-55B86376279E}.Debug|Any CPU.ActiveCfg = Debug|Any CPU
		{360051F5-CCB5-472A-8D7B-55B86376279E}.Debug|Any CPU.Build.0 = Debug|Any CPU
		{360051F5-CCB5-472A-8D7B-55B86376279E}.Debug|x64.ActiveCfg = Debug|Any CPU
		{360051F5-CCB5-472A-8D7B-55B86376279E}.Debug|x64.Build.0 = Debug|Any CPU
		{360051F5-CCB5-472A-8D7B-55B86376279E}.Release|Any CPU.ActiveCfg = Release|Any CPU
		{360051F5-CCB5-472A-8D7B-55B86376279E}.Release|Any CPU.Build.0 = Release|Any CPU
		{360051F5-CCB5-472A-8D7B-55B86376279E}.Release|x64.ActiveCfg = Release|Any CPU
		{360051F5-CCB5-472A-8D7B-55B86376279E}.Release|x64.Build.0 = Release|Any CPU
		{E65716A5-2C1A-4B27-B039-F04344BB0CA8}.Debug|Any CPU.ActiveCfg = Debug|Any CPU
		{E65716A5-2C1A-4B27-B039-F04344BB0CA8}.Debug|Any CPU.Build.0 = Debug|Any CPU
		{E65716A5-2C1A-4B27-B039-F04344BB0CA8}.Debug|x64.ActiveCfg = Debug|Any CPU
		{E65716A5-2C1A-4B27-B039-F04344BB0CA8}.Debug|x64.Build.0 = Debug|Any CPU
		{E65716A5-2C1A-4B27-B039-F04344BB0CA8}.Release|Any CPU.ActiveCfg = Release|Any CPU
		{E65716A5-2C1A-4B27-B039-F04344BB0CA8}.Release|Any CPU.Build.0 = Release|Any CPU
		{E65716A5-2C1A-4B27-B039-F04344BB0CA8}.Release|x64.ActiveCfg = Release|Any CPU
		{E65716A5-2C1A-4B27-B039-F04344BB0CA8}.Release|x64.Build.0 = Release|Any CPU
		{87CFD0A6-DBE5-432F-A090-E1A470D63876}.Debug|Any CPU.ActiveCfg = Debug|Any CPU
		{87CFD0A6-DBE5-432F-A090-E1A470D63876}.Debug|Any CPU.Build.0 = Debug|Any CPU
		{87CFD0A6-DBE5-432F-A090-E1A470D63876}.Debug|x64.ActiveCfg = Debug|Any CPU
		{87CFD0A6-DBE5-432F-A090-E1A470D63876}.Debug|x64.Build.0 = Debug|Any CPU
		{87CFD0A6-DBE5-432F-A090-E1A470D63876}.Release|Any CPU.ActiveCfg = Release|Any CPU
		{87CFD0A6-DBE5-432F-A090-E1A470D63876}.Release|Any CPU.Build.0 = Release|Any CPU
		{87CFD0A6-DBE5-432F-A090-E1A470D63876}.Release|x64.ActiveCfg = Release|Any CPU
		{87CFD0A6-DBE5-432F-A090-E1A470D63876}.Release|x64.Build.0 = Release|Any CPU
		{F64EF76C-0A3B-45A2-8F04-A8444825EAF7}.Debug|Any CPU.ActiveCfg = Debug|Any CPU
		{F64EF76C-0A3B-45A2-8F04-A8444825EAF7}.Debug|Any CPU.Build.0 = Debug|Any CPU
		{F64EF76C-0A3B-45A2-8F04-A8444825EAF7}.Debug|x64.ActiveCfg = Debug|Any CPU
		{F64EF76C-0A3B-45A2-8F04-A8444825EAF7}.Debug|x64.Build.0 = Debug|Any CPU
		{F64EF76C-0A3B-45A2-8F04-A8444825EAF7}.Release|Any CPU.ActiveCfg = Release|Any CPU
		{F64EF76C-0A3B-45A2-8F04-A8444825EAF7}.Release|Any CPU.Build.0 = Release|Any CPU
		{F64EF76C-0A3B-45A2-8F04-A8444825EAF7}.Release|x64.ActiveCfg = Release|Any CPU
		{F64EF76C-0A3B-45A2-8F04-A8444825EAF7}.Release|x64.Build.0 = Release|Any CPU
		{50E74F61-694D-4829-8FA9-731F5A3D2BEE}.Debug|Any CPU.ActiveCfg = Debug|Any CPU
		{50E74F61-694D-4829-8FA9-731F5A3D2BEE}.Debug|Any CPU.Build.0 = Debug|Any CPU
		{50E74F61-694D-4829-8FA9-731F5A3D2BEE}.Debug|x64.ActiveCfg = Debug|Any CPU
		{50E74F61-694D-4829-8FA9-731F5A3D2BEE}.Debug|x64.Build.0 = Debug|Any CPU
		{50E74F61-694D-4829-8FA9-731F5A3D2BEE}.Release|Any CPU.ActiveCfg = Release|Any CPU
		{50E74F61-694D-4829-8FA9-731F5A3D2BEE}.Release|Any CPU.Build.0 = Release|Any CPU
		{50E74F61-694D-4829-8FA9-731F5A3D2BEE}.Release|x64.ActiveCfg = Release|Any CPU
		{50E74F61-694D-4829-8FA9-731F5A3D2BEE}.Release|x64.Build.0 = Release|Any CPU
		{AFF3E5EF-CDA0-479A-9AB9-5C9F65D2E608}.Debug|Any CPU.ActiveCfg = Debug|Any CPU
		{AFF3E5EF-CDA0-479A-9AB9-5C9F65D2E608}.Debug|Any CPU.Build.0 = Debug|Any CPU
		{AFF3E5EF-CDA0-479A-9AB9-5C9F65D2E608}.Debug|x64.ActiveCfg = Debug|Any CPU
		{AFF3E5EF-CDA0-479A-9AB9-5C9F65D2E608}.Debug|x64.Build.0 = Debug|Any CPU
		{AFF3E5EF-CDA0-479A-9AB9-5C9F65D2E608}.Release|Any CPU.ActiveCfg = Release|Any CPU
		{AFF3E5EF-CDA0-479A-9AB9-5C9F65D2E608}.Release|Any CPU.Build.0 = Release|Any CPU
		{AFF3E5EF-CDA0-479A-9AB9-5C9F65D2E608}.Release|x64.ActiveCfg = Release|Any CPU
		{AFF3E5EF-CDA0-479A-9AB9-5C9F65D2E608}.Release|x64.Build.0 = Release|Any CPU
		{B5A2C3DA-1B2D-4C7C-9A0E-A5C16CA15023}.Debug|Any CPU.ActiveCfg = Debug|Any CPU
		{B5A2C3DA-1B2D-4C7C-9A0E-A5C16CA15023}.Debug|Any CPU.Build.0 = Debug|Any CPU
		{B5A2C3DA-1B2D-4C7C-9A0E-A5C16CA15023}.Debug|x64.ActiveCfg = Debug|Any CPU
		{B5A2C3DA-1B2D-4C7C-9A0E-A5C16CA15023}.Debug|x64.Build.0 = Debug|Any CPU
		{B5A2C3DA-1B2D-4C7C-9A0E-A5C16CA15023}.Release|Any CPU.ActiveCfg = Release|Any CPU
		{B5A2C3DA-1B2D-4C7C-9A0E-A5C16CA15023}.Release|Any CPU.Build.0 = Release|Any CPU
		{B5A2C3DA-1B2D-4C7C-9A0E-A5C16CA15023}.Release|x64.ActiveCfg = Release|Any CPU
		{B5A2C3DA-1B2D-4C7C-9A0E-A5C16CA15023}.Release|x64.Build.0 = Release|Any CPU
		{8EB62D64-BC1D-43E3-8A52-1C7475BBBF88}.Debug|Any CPU.ActiveCfg = Debug|Any CPU
		{8EB62D64-BC1D-43E3-8A52-1C7475BBBF88}.Debug|Any CPU.Build.0 = Debug|Any CPU
		{8EB62D64-BC1D-43E3-8A52-1C7475BBBF88}.Debug|x64.ActiveCfg = Debug|Any CPU
		{8EB62D64-BC1D-43E3-8A52-1C7475BBBF88}.Debug|x64.Build.0 = Debug|Any CPU
		{8EB62D64-BC1D-43E3-8A52-1C7475BBBF88}.Release|Any CPU.ActiveCfg = Release|Any CPU
		{8EB62D64-BC1D-43E3-8A52-1C7475BBBF88}.Release|Any CPU.Build.0 = Release|Any CPU
		{8EB62D64-BC1D-43E3-8A52-1C7475BBBF88}.Release|x64.ActiveCfg = Release|Any CPU
		{8EB62D64-BC1D-43E3-8A52-1C7475BBBF88}.Release|x64.Build.0 = Release|Any CPU
	EndGlobalSection
	GlobalSection(SolutionProperties) = preSolution
		HideSolutionNode = FALSE
	EndGlobalSection
	GlobalSection(NestedProjects) = preSolution
		{DD329E8C-5A18-47DD-A39A-0DCC0F2D1F46} = {4A93B8A2-55E8-4A3E-9090-F16098F3EADE}
		{446ACA1A-1305-4A97-AF82-DA4D1E083F00} = {4A93B8A2-55E8-4A3E-9090-F16098F3EADE}
		{48CFC855-AB6A-4B61-A960-1D7D70AE9DF5} = {4A93B8A2-55E8-4A3E-9090-F16098F3EADE}
		{98E8BA26-96B2-4FCB-B400-C01D70F4912E} = {4A93B8A2-55E8-4A3E-9090-F16098F3EADE}
		{595F7BA1-646C-465B-A3E6-C8AA1D281E00} = {4A93B8A2-55E8-4A3E-9090-F16098F3EADE}
		{4A679989-8FB5-4EFF-850A-23E31C44F88E} = {4A93B8A2-55E8-4A3E-9090-F16098F3EADE}
		{7C90AE7E-2097-4DC5-B7EF-B5994C1C267D} = {4A93B8A2-55E8-4A3E-9090-F16098F3EADE}
		{369B8D28-C481-465D-A531-DA6129775ECE} = {4A93B8A2-55E8-4A3E-9090-F16098F3EADE}
		{E24D8723-BD4A-4714-A975-138C8F25E599} = {F6012FF3-582D-4AD0-A15C-09F3E473E2D6}
		{051CA9CC-4350-4913-8F4B-0187284F8814} = {F6012FF3-582D-4AD0-A15C-09F3E473E2D6}
		{9309A31E-B451-46A7-87D9-C6CC2CB37BAB} = {F6012FF3-582D-4AD0-A15C-09F3E473E2D6}
		{7638AF58-0336-4707-B3EE-AD69EB936084} = {EC58714C-8633-4842-8D27-E7FAE7941888}
		{A3C024DC-83D3-4D9A-B8F5-AB7600038AB9} = {EC58714C-8633-4842-8D27-E7FAE7941888}
		{6EB59D41-EEA3-41BC-9F0A-9BAEA809E81B} = {EC58714C-8633-4842-8D27-E7FAE7941888}
		{6D82F63F-1E44-4A1D-8CEE-4B7981B8C5E1} = {F6C84FCD-705C-4EE2-9B88-E867AB1F3174}
		{EE92270B-20CC-44C2-929A-0CC761445254} = {0A22A1F0-1D2D-4AA7-8788-269A58A32456}
		{1A937138-55D9-437C-8613-F01C8F126ABE} = {C54B735E-18DA-46A5-9853-6AFD7FBCB999}
		{5534A968-1A45-4DC5-B428-A461E1F30D2F} = {1B6695CD-8F92-48B8-95DB-D2B1A6E81278}
		{FC2A1299-8725-4A47-85D7-175FBEC605E4} = {D6BBB50F-A23B-406D-84BE-39899674BCD7}
		{2A84E602-EE09-4E76-85E4-136F50D27026} = {41F2F4F5-06AA-46FD-A1BD-217D064D4385}
		{58DF9E90-A8B3-40DE-960F-0231E4CCDBE7} = {BAFA1269-E31C-433E-BF0C-90B21FCF2BB9}
		{B42F2987-B049-46FD-B42E-7CE1758CD57C} = {BAFA1269-E31C-433E-BF0C-90B21FCF2BB9}
		{CCA9C7AF-4F62-42C7-9098-CC930611AEF6} = {B286A4CD-DCD5-42E8-A41B-88ECA9AEB6D2}
		{23565A2E-1436-4D66-8EE0-DC61CF7F85D8} = {94CCB124-C782-4141-9DAF-6DCA376716FF}
		{8316063D-88FD-48F5-9BA9-10139CFCE81A} = {760F3A30-491A-42B1-92A4-746DCC88E888}
		{16444F45-0535-4D67-A1EA-FD5E30B621B8} = {18789E1F-ED7F-4645-931E-50885A63F618}
		{6090ACC8-941D-4D50-AFF7-F6AD08D40AF7} = {A627D549-B466-4A92-B9C1-D82F0E780744}
		{FFF15EBC-F28E-4917-9691-B8A4EE5C14C0} = {BCD702B2-4316-46C0-927A-E6AB1ED49C50}
		{1F65BD5B-325C-49DA-A85E-11A9D20DA2D3} = {1E6AE2B4-DD10-4F6D-BC61-8C306EA6B296}
		{1DBB865A-7BEA-4422-8BDD-DBEF1B9B5F9F} = {65398FE2-777E-480C-9779-AEA072B9E553}
		{112A411E-F669-40B9-8D66-D66266A859D4} = {65398FE2-777E-480C-9779-AEA072B9E553}
		{C093A401-28BC-437F-93A8-4A1D64BECE3D} = {65398FE2-777E-480C-9779-AEA072B9E553}
		{26B1795D-DC54-4D48-846E-E2D0812BB184} = {65398FE2-777E-480C-9779-AEA072B9E553}
		{340FF08A-75E8-401F-9EBB-1774502ABF94} = {65398FE2-777E-480C-9779-AEA072B9E553}
		{F8C09C47-FCBF-43DC-8E83-A698EFF477D7} = {65398FE2-777E-480C-9779-AEA072B9E553}
		{1B70A4B9-66F1-4F40-8361-63C2E33B4BE9} = {65398FE2-777E-480C-9779-AEA072B9E553}
		{1391024D-E40E-4451-A6EB-0CCDDC2A58E5} = {65398FE2-777E-480C-9779-AEA072B9E553}
		{20BC86B9-917C-4D4A-AD9D-48BDF398B417} = {65398FE2-777E-480C-9779-AEA072B9E553}
		{FDADF3A5-7C59-4643-BBD5-93DD904C5E68} = {65398FE2-777E-480C-9779-AEA072B9E553}
		{F8EB3CA0-1905-4125-B76A-76CE9071C1B7} = {65398FE2-777E-480C-9779-AEA072B9E553}
		{2A4F222B-2E4E-4356-AAAA-59767AD1340D} = {65398FE2-777E-480C-9779-AEA072B9E553}
		{60923F33-EA0E-4F7F-888C-F741F9D46402} = {65398FE2-777E-480C-9779-AEA072B9E553}
		{F92F3152-8F4A-43F9-BBD1-8217F4F6E4C9} = {65398FE2-777E-480C-9779-AEA072B9E553}
		{8F258F15-20CF-4F65-94C2-6850B6BEF7CA} = {65398FE2-777E-480C-9779-AEA072B9E553}
		{1C81E77B-2408-4752-9618-4889BE62EED5} = {65398FE2-777E-480C-9779-AEA072B9E553}
		{363008C6-1875-4281-9D03-981EF0E9A2F7} = {65398FE2-777E-480C-9779-AEA072B9E553}
		{726E84AB-C8B4-4B51-92D8-9F6AFFE28EBA} = {65398FE2-777E-480C-9779-AEA072B9E553}
		{360051F5-CCB5-472A-8D7B-55B86376279E} = {65398FE2-777E-480C-9779-AEA072B9E553}
		{E65716A5-2C1A-4B27-B039-F04344BB0CA8} = {65398FE2-777E-480C-9779-AEA072B9E553}
		{87CFD0A6-DBE5-432F-A090-E1A470D63876} = {65398FE2-777E-480C-9779-AEA072B9E553}
		{F64EF76C-0A3B-45A2-8F04-A8444825EAF7} = {65398FE2-777E-480C-9779-AEA072B9E553}
		{50E74F61-694D-4829-8FA9-731F5A3D2BEE} = {65398FE2-777E-480C-9779-AEA072B9E553}
		{AFF3E5EF-CDA0-479A-9AB9-5C9F65D2E608} = {67988FDF-2963-419C-A094-569F1E594689}
		{B5A2C3DA-1B2D-4C7C-9A0E-A5C16CA15023} = {A202B8D2-390A-479F-87EE-8A5E9170BF52}
	EndGlobalSection
	GlobalSection(ExtensibilityGlobals) = postSolution
		SolutionGuid = {328101E4-1192-4581-A38D-2AE28F5FC0EE}
	EndGlobalSection
EndGlobal
