
Microsoft Visual Studio Solution File, Format Version 12.00
# Visual Studio Version 16
VisualStudioVersion = 16.0.30225.117
MinimumVisualStudioVersion = 10.0.40219.1
Project("{FAE04EC0-301F-11D3-BF4B-00C04F79EFBC}") = "线程的开启方式", "ConsoleApp1\线程的开启方式.csproj", "{DD329E8C-5A18-47DD-A39A-0DCC0F2D1F46}"
EndProject
Project("{FAE04EC0-301F-11D3-BF4B-00C04F79EFBC}") = "检测委托线程的结束-通过等待句柄和回调函数", "检测委托线程的结束-通过等待句柄和回调函数\检测委托线程的结束-通过等待句柄和回调函数.csproj", "{446ACA1A-1305-4A97-AF82-DA4D1E083F00}"
EndProject
Project("{FAE04EC0-301F-11D3-BF4B-00C04F79EFBC}") = "通过Thread创建线程", "通过Thread创建线程\通过Thread创建线程.csproj", "{48CFC855-AB6A-4B61-A960-1D7D70AE9DF5}"
EndProject
Project("{FAE04EC0-301F-11D3-BF4B-00C04F79EFBC}") = "后台线程和前台线程", "后台线程和前台线程\后台线程和前台线程.csproj", "{98E8BA26-96B2-4FCB-B400-C01D70F4912E}"
EndProject
Project("{FAE04EC0-301F-11D3-BF4B-00C04F79EFBC}") = "线程池", "线程池\线程池.csproj", "{595F7BA1-646C-465B-A3E6-C8AA1D281E00}"
EndProject
Project("{FAE04EC0-301F-11D3-BF4B-00C04F79EFBC}") = "线程的开启-任务", "线程的开启-任务\线程的开启-任务.csproj", "{4A679989-8FB5-4EFF-850A-23E31C44F88E}"
EndProject
Project("{FAE04EC0-301F-11D3-BF4B-00C04F79EFBC}") = "任务的知识", "任务的知识\任务的知识.csproj", "{7C90AE7E-2097-4DC5-B7EF-B5994C1C267D}"
EndProject
Project("{FAE04EC0-301F-11D3-BF4B-00C04F79EFBC}") = "线程问题  争用条件", "线程问题  争用条件\线程问题  争用条件.csproj", "{369B8D28-C481-465D-A531-DA6129775ECE}"
EndProject
Project("{FAE04EC0-301F-11D3-BF4B-00C04F79EFBC}") = "使用file读写文件", "使用file读写文件\使用file读写文件.csproj", "{E24D8723-BD4A-4714-A975-138C8F25E599}"
EndProject
Project("{FAE04EC0-301F-11D3-BF4B-00C04F79EFBC}") = "使用FileStream读写文件", "使用FileStream读写文件\使用FileStream读写文件.csproj", "{051CA9CC-4350-4913-8F4B-0187284F8814}"
EndProject
Project("{FAE04EC0-301F-11D3-BF4B-00C04F79EFBC}") = "StreamRead-StreamWrite", "StreamRead-StreamWrite\StreamRead-StreamWrite.csproj", "{9309A31E-B451-46A7-87D9-C6CC2CB37BAB}"
EndProject
Project("{2150E333-8FDC-42A3-9474-1A3956D46DE8}") = "线程-进程-任务", "线程-进程-任务", "{4A93B8A2-55E8-4A3E-9090-F16098F3EADE}"
EndProject
Project("{2150E333-8FDC-42A3-9474-1A3956D46DE8}") = "文件读写", "文件读写", "{F6012FF3-582D-4AD0-A15C-09F3E473E2D6}"
EndProject
Project("{2150E333-8FDC-42A3-9474-1A3956D46DE8}") = "GDI", "GDI", "{EC58714C-8633-4842-8D27-E7FAE7941888}"
EndProject
Project("{FAE04EC0-301F-11D3-BF4B-00C04F79EFBC}") = "创建Graphics对象", "创建Graphics对象和Pan对象2\创建Graphics对象.csproj", "{7638AF58-0336-4707-B3EE-AD69EB936084}"
EndProject
Project("{FAE04EC0-301F-11D3-BF4B-00C04F79EFBC}") = "创建Pen对象", "创建Pen对象\创建Pen对象.csproj", "{A3C024DC-83D3-4D9A-B8F5-AB7600038AB9}"
EndProject
Project("{FAE04EC0-301F-11D3-BF4B-00C04F79EFBC}") = "创建Brush对象", "创建Brush对象\创建Brush对象.csproj", "{6EB59D41-EEA3-41BC-9F0A-9BAEA809E81B}"
EndProject
Project("{2150E333-8FDC-42A3-9474-1A3956D46DE8}") = "打印", "打印", "{F6C84FCD-705C-4EE2-9B88-E867AB1F3174}"
EndProject
Project("{FAE04EC0-301F-11D3-BF4B-00C04F79EFBC}") = "打印", "页面设置\打印.csproj", "{6D82F63F-1E44-4A1D-8CEE-4B7981B8C5E1}"
EndProject
Project("{2150E333-8FDC-42A3-9474-1A3956D46DE8}") = "winform控件", "winform控件", "{0A22A1F0-1D2D-4AA7-8788-269A58A32456}"
EndProject
Project("{FAE04EC0-301F-11D3-BF4B-00C04F79EFBC}") = "winform控件", "DSKIN\winform控件.csproj", "{EE92270B-20CC-44C2-929A-0CC761445254}"
EndProject
Project("{2150E333-8FDC-42A3-9474-1A3956D46DE8}") = "数据库", "数据库", "{C54B735E-18DA-46A5-9853-6AFD7FBCB999}"
EndProject
Project("{FAE04EC0-301F-11D3-BF4B-00C04F79EFBC}") = "数据库", "数据库\数据库.csproj", "{1A937138-55D9-437C-8613-F01C8F126ABE}"
EndProject
Project("{FAE04EC0-301F-11D3-BF4B-00C04F79EFBC}") = "表格数据控件", "表格数据控件\表格数据控件.csproj", "{5534A968-1A45-4DC5-B428-A461E1F30D2F}"
EndProject
Project("{2150E333-8FDC-42A3-9474-1A3956D46DE8}") = "表格数据控件.", "表格数据控件.", "{1B6695CD-8F92-48B8-95DB-D2B1A6E81278}"
EndProject
Project("{2150E333-8FDC-42A3-9474-1A3956D46DE8}") = "ArrayList类", "ArrayList类", "{D6BBB50F-A23B-406D-84BE-39899674BCD7}"
EndProject
Project("{FAE04EC0-301F-11D3-BF4B-00C04F79EFBC}") = "ArrayList类", "ArrayList类\ArrayList类.csproj", "{FC2A1299-8725-4A47-85D7-175FBEC605E4}"
EndProject
Project("{2150E333-8FDC-42A3-9474-1A3956D46DE8}") = "正则表达式", "正则表达式", "{41F2F4F5-06AA-46FD-A1BD-217D064D4385}"
EndProject
Project("{FAE04EC0-301F-11D3-BF4B-00C04F79EFBC}") = "正则表达式", "正则表达式\正则表达式.csproj", "{2A84E602-EE09-4E76-85E4-136F50D27026}"
EndProject
Project("{2150E333-8FDC-42A3-9474-1A3956D46DE8}") = "注册表", "注册表", "{BAFA1269-E31C-433E-BF0C-90B21FCF2BB9}"
EndProject
Project("{FAE04EC0-301F-11D3-BF4B-00C04F79EFBC}") = "注册表相关知识", "注册表\注册表相关知识.csproj", "{58DF9E90-A8B3-40DE-960F-0231E4CCDBE7}"
EndProject
Project("{FAE04EC0-301F-11D3-BF4B-00C04F79EFBC}") = "读取注册表信息", "读取注册表信息\读取注册表信息.csproj", "{B42F2987-B049-46FD-B42E-7CE1758CD57C}"
EndProject
Project("{2150E333-8FDC-42A3-9474-1A3956D46DE8}") = "Dapper 轻量级ORM框架", "Dapper 轻量级ORM框架", "{B286A4CD-DCD5-42E8-A41B-88ECA9AEB6D2}"
EndProject
Project("{FAE04EC0-301F-11D3-BF4B-00C04F79EFBC}") = "Dapper", "Dapper\Dapper.csproj", "{CCA9C7AF-4F62-42C7-9098-CC930611AEF6}"
EndProject
Project("{2150E333-8FDC-42A3-9474-1A3956D46DE8}") = "单元测试", "单元测试", "{94CCB124-C782-4141-9DAF-6DCA376716FF}"
EndProject
Project("{FAE04EC0-301F-11D3-BF4B-00C04F79EFBC}") = "单元测试", "单元测试\单元测试.csproj", "{23565A2E-1436-4D66-8EE0-DC61CF7F85D8}"
EndProject
Project("{FAE04EC0-301F-11D3-BF4B-00C04F79EFBC}") = "单元测试Tests", "单元测试Tests\单元测试Tests.csproj", "{AB5FD761-B06B-41A1-87A3-090574534884}"
EndProject
Project("{2150E333-8FDC-42A3-9474-1A3956D46DE8}") = "ReportViewer", "ReportViewer", "{760F3A30-491A-42B1-92A4-746DCC88E888}"
EndProject
Project("{FAE04EC0-301F-11D3-BF4B-00C04F79EFBC}") = "ReportViewer", "ReportViewer\ReportViewer.csproj", "{8316063D-88FD-48F5-9BA9-10139CFCE81A}"
EndProject
Project("{2150E333-8FDC-42A3-9474-1A3956D46DE8}") = "XML文件", "XML文件", "{18789E1F-ED7F-4645-931E-50885A63F618}"
EndProject
Project("{FAE04EC0-301F-11D3-BF4B-00C04F79EFBC}") = "XML", "XML\XML.csproj", "{16444F45-0535-4D67-A1EA-FD5E30B621B8}"
EndProject
Project("{2150E333-8FDC-42A3-9474-1A3956D46DE8}") = "JSON", "JSON", "{A627D549-B466-4A92-B9C1-D82F0E780744}"
EndProject
Project("{FAE04EC0-301F-11D3-BF4B-00C04F79EFBC}") = "JSON", "JSON\JSON.csproj", "{6090ACC8-941D-4D50-AFF7-F6AD08D40AF7}"
EndProject
Global
	GlobalSection(SolutionConfigurationPlatforms) = preSolution
		Debug|Any CPU = Debug|Any CPU
		Release|Any CPU = Release|Any CPU
	EndGlobalSection
	GlobalSection(ProjectConfigurationPlatforms) = postSolution
		{DD329E8C-5A18-47DD-A39A-0DCC0F2D1F46}.Debug|Any CPU.ActiveCfg = Debug|Any CPU
		{DD329E8C-5A18-47DD-A39A-0DCC0F2D1F46}.Debug|Any CPU.Build.0 = Debug|Any CPU
		{DD329E8C-5A18-47DD-A39A-0DCC0F2D1F46}.Release|Any CPU.ActiveCfg = Release|Any CPU
		{DD329E8C-5A18-47DD-A39A-0DCC0F2D1F46}.Release|Any CPU.Build.0 = Release|Any CPU
		{446ACA1A-1305-4A97-AF82-DA4D1E083F00}.Debug|Any CPU.ActiveCfg = Debug|Any CPU
		{446ACA1A-1305-4A97-AF82-DA4D1E083F00}.Debug|Any CPU.Build.0 = Debug|Any CPU
		{446ACA1A-1305-4A97-AF82-DA4D1E083F00}.Release|Any CPU.ActiveCfg = Release|Any CPU
		{446ACA1A-1305-4A97-AF82-DA4D1E083F00}.Release|Any CPU.Build.0 = Release|Any CPU
		{48CFC855-AB6A-4B61-A960-1D7D70AE9DF5}.Debug|Any CPU.ActiveCfg = Debug|Any CPU
		{48CFC855-AB6A-4B61-A960-1D7D70AE9DF5}.Debug|Any CPU.Build.0 = Debug|Any CPU
		{48CFC855-AB6A-4B61-A960-1D7D70AE9DF5}.Release|Any CPU.ActiveCfg = Release|Any CPU
		{48CFC855-AB6A-4B61-A960-1D7D70AE9DF5}.Release|Any CPU.Build.0 = Release|Any CPU
		{98E8BA26-96B2-4FCB-B400-C01D70F4912E}.Debug|Any CPU.ActiveCfg = Debug|Any CPU
		{98E8BA26-96B2-4FCB-B400-C01D70F4912E}.Debug|Any CPU.Build.0 = Debug|Any CPU
		{98E8BA26-96B2-4FCB-B400-C01D70F4912E}.Release|Any CPU.ActiveCfg = Release|Any CPU
		{98E8BA26-96B2-4FCB-B400-C01D70F4912E}.Release|Any CPU.Build.0 = Release|Any CPU
		{595F7BA1-646C-465B-A3E6-C8AA1D281E00}.Debug|Any CPU.ActiveCfg = Debug|Any CPU
		{595F7BA1-646C-465B-A3E6-C8AA1D281E00}.Debug|Any CPU.Build.0 = Debug|Any CPU
		{595F7BA1-646C-465B-A3E6-C8AA1D281E00}.Release|Any CPU.ActiveCfg = Release|Any CPU
		{595F7BA1-646C-465B-A3E6-C8AA1D281E00}.Release|Any CPU.Build.0 = Release|Any CPU
		{4A679989-8FB5-4EFF-850A-23E31C44F88E}.Debug|Any CPU.ActiveCfg = Debug|Any CPU
		{4A679989-8FB5-4EFF-850A-23E31C44F88E}.Debug|Any CPU.Build.0 = Debug|Any CPU
		{4A679989-8FB5-4EFF-850A-23E31C44F88E}.Release|Any CPU.ActiveCfg = Release|Any CPU
		{4A679989-8FB5-4EFF-850A-23E31C44F88E}.Release|Any CPU.Build.0 = Release|Any CPU
		{7C90AE7E-2097-4DC5-B7EF-B5994C1C267D}.Debug|Any CPU.ActiveCfg = Debug|Any CPU
		{7C90AE7E-2097-4DC5-B7EF-B5994C1C267D}.Debug|Any CPU.Build.0 = Debug|Any CPU
		{7C90AE7E-2097-4DC5-B7EF-B5994C1C267D}.Release|Any CPU.ActiveCfg = Release|Any CPU
		{7C90AE7E-2097-4DC5-B7EF-B5994C1C267D}.Release|Any CPU.Build.0 = Release|Any CPU
		{369B8D28-C481-465D-A531-DA6129775ECE}.Debug|Any CPU.ActiveCfg = Debug|Any CPU
		{369B8D28-C481-465D-A531-DA6129775ECE}.Debug|Any CPU.Build.0 = Debug|Any CPU
		{369B8D28-C481-465D-A531-DA6129775ECE}.Release|Any CPU.ActiveCfg = Release|Any CPU
		{369B8D28-C481-465D-A531-DA6129775ECE}.Release|Any CPU.Build.0 = Release|Any CPU
		{E24D8723-BD4A-4714-A975-138C8F25E599}.Debug|Any CPU.ActiveCfg = Debug|Any CPU
		{E24D8723-BD4A-4714-A975-138C8F25E599}.Debug|Any CPU.Build.0 = Debug|Any CPU
		{E24D8723-BD4A-4714-A975-138C8F25E599}.Release|Any CPU.ActiveCfg = Release|Any CPU
		{E24D8723-BD4A-4714-A975-138C8F25E599}.Release|Any CPU.Build.0 = Release|Any CPU
		{051CA9CC-4350-4913-8F4B-0187284F8814}.Debug|Any CPU.ActiveCfg = Debug|Any CPU
		{051CA9CC-4350-4913-8F4B-0187284F8814}.Debug|Any CPU.Build.0 = Debug|Any CPU
		{051CA9CC-4350-4913-8F4B-0187284F8814}.Release|Any CPU.ActiveCfg = Release|Any CPU
		{051CA9CC-4350-4913-8F4B-0187284F8814}.Release|Any CPU.Build.0 = Release|Any CPU
		{9309A31E-B451-46A7-87D9-C6CC2CB37BAB}.Debug|Any CPU.ActiveCfg = Debug|Any CPU
		{9309A31E-B451-46A7-87D9-C6CC2CB37BAB}.Debug|Any CPU.Build.0 = Debug|Any CPU
		{9309A31E-B451-46A7-87D9-C6CC2CB37BAB}.Release|Any CPU.ActiveCfg = Release|Any CPU
		{9309A31E-B451-46A7-87D9-C6CC2CB37BAB}.Release|Any CPU.Build.0 = Release|Any CPU
		{7638AF58-0336-4707-B3EE-AD69EB936084}.Debug|Any CPU.ActiveCfg = Debug|Any CPU
		{7638AF58-0336-4707-B3EE-AD69EB936084}.Debug|Any CPU.Build.0 = Debug|Any CPU
		{7638AF58-0336-4707-B3EE-AD69EB936084}.Release|Any CPU.ActiveCfg = Release|Any CPU
		{7638AF58-0336-4707-B3EE-AD69EB936084}.Release|Any CPU.Build.0 = Release|Any CPU
		{A3C024DC-83D3-4D9A-B8F5-AB7600038AB9}.Debug|Any CPU.ActiveCfg = Debug|Any CPU
		{A3C024DC-83D3-4D9A-B8F5-AB7600038AB9}.Debug|Any CPU.Build.0 = Debug|Any CPU
		{A3C024DC-83D3-4D9A-B8F5-AB7600038AB9}.Release|Any CPU.ActiveCfg = Release|Any CPU
		{A3C024DC-83D3-4D9A-B8F5-AB7600038AB9}.Release|Any CPU.Build.0 = Release|Any CPU
		{6EB59D41-EEA3-41BC-9F0A-9BAEA809E81B}.Debug|Any CPU.ActiveCfg = Debug|Any CPU
		{6EB59D41-EEA3-41BC-9F0A-9BAEA809E81B}.Debug|Any CPU.Build.0 = Debug|Any CPU
		{6EB59D41-EEA3-41BC-9F0A-9BAEA809E81B}.Release|Any CPU.ActiveCfg = Release|Any CPU
		{6EB59D41-EEA3-41BC-9F0A-9BAEA809E81B}.Release|Any CPU.Build.0 = Release|Any CPU
		{6D82F63F-1E44-4A1D-8CEE-4B7981B8C5E1}.Debug|Any CPU.ActiveCfg = Debug|Any CPU
		{6D82F63F-1E44-4A1D-8CEE-4B7981B8C5E1}.Debug|Any CPU.Build.0 = Debug|Any CPU
		{6D82F63F-1E44-4A1D-8CEE-4B7981B8C5E1}.Release|Any CPU.ActiveCfg = Release|Any CPU
		{6D82F63F-1E44-4A1D-8CEE-4B7981B8C5E1}.Release|Any CPU.Build.0 = Release|Any CPU
		{EE92270B-20CC-44C2-929A-0CC761445254}.Debug|Any CPU.ActiveCfg = Debug|Any CPU
		{EE92270B-20CC-44C2-929A-0CC761445254}.Debug|Any CPU.Build.0 = Debug|Any CPU
		{EE92270B-20CC-44C2-929A-0CC761445254}.Release|Any CPU.ActiveCfg = Release|Any CPU
		{EE92270B-20CC-44C2-929A-0CC761445254}.Release|Any CPU.Build.0 = Release|Any CPU
		{1A937138-55D9-437C-8613-F01C8F126ABE}.Debug|Any CPU.ActiveCfg = Debug|Any CPU
		{1A937138-55D9-437C-8613-F01C8F126ABE}.Debug|Any CPU.Build.0 = Debug|Any CPU
		{1A937138-55D9-437C-8613-F01C8F126ABE}.Release|Any CPU.ActiveCfg = Release|Any CPU
		{1A937138-55D9-437C-8613-F01C8F126ABE}.Release|Any CPU.Build.0 = Release|Any CPU
		{5534A968-1A45-4DC5-B428-A461E1F30D2F}.Debug|Any CPU.ActiveCfg = Debug|Any CPU
		{5534A968-1A45-4DC5-B428-A461E1F30D2F}.Debug|Any CPU.Build.0 = Debug|Any CPU
		{5534A968-1A45-4DC5-B428-A461E1F30D2F}.Release|Any CPU.ActiveCfg = Release|Any CPU
		{5534A968-1A45-4DC5-B428-A461E1F30D2F}.Release|Any CPU.Build.0 = Release|Any CPU
		{FC2A1299-8725-4A47-85D7-175FBEC605E4}.Debug|Any CPU.ActiveCfg = Debug|Any CPU
		{FC2A1299-8725-4A47-85D7-175FBEC605E4}.Debug|Any CPU.Build.0 = Debug|Any CPU
		{FC2A1299-8725-4A47-85D7-175FBEC605E4}.Release|Any CPU.ActiveCfg = Release|Any CPU
		{FC2A1299-8725-4A47-85D7-175FBEC605E4}.Release|Any CPU.Build.0 = Release|Any CPU
		{2A84E602-EE09-4E76-85E4-136F50D27026}.Debug|Any CPU.ActiveCfg = Debug|Any CPU
		{2A84E602-EE09-4E76-85E4-136F50D27026}.Debug|Any CPU.Build.0 = Debug|Any CPU
		{2A84E602-EE09-4E76-85E4-136F50D27026}.Release|Any CPU.ActiveCfg = Release|Any CPU
		{2A84E602-EE09-4E76-85E4-136F50D27026}.Release|Any CPU.Build.0 = Release|Any CPU
		{58DF9E90-A8B3-40DE-960F-0231E4CCDBE7}.Debug|Any CPU.ActiveCfg = Debug|Any CPU
		{58DF9E90-A8B3-40DE-960F-0231E4CCDBE7}.Debug|Any CPU.Build.0 = Debug|Any CPU
		{58DF9E90-A8B3-40DE-960F-0231E4CCDBE7}.Release|Any CPU.ActiveCfg = Release|Any CPU
		{58DF9E90-A8B3-40DE-960F-0231E4CCDBE7}.Release|Any CPU.Build.0 = Release|Any CPU
		{B42F2987-B049-46FD-B42E-7CE1758CD57C}.Debug|Any CPU.ActiveCfg = Debug|Any CPU
		{B42F2987-B049-46FD-B42E-7CE1758CD57C}.Debug|Any CPU.Build.0 = Debug|Any CPU
		{B42F2987-B049-46FD-B42E-7CE1758CD57C}.Release|Any CPU.ActiveCfg = Release|Any CPU
		{B42F2987-B049-46FD-B42E-7CE1758CD57C}.Release|Any CPU.Build.0 = Release|Any CPU
		{CCA9C7AF-4F62-42C7-9098-CC930611AEF6}.Debug|Any CPU.ActiveCfg = Debug|Any CPU
		{CCA9C7AF-4F62-42C7-9098-CC930611AEF6}.Debug|Any CPU.Build.0 = Debug|Any CPU
		{CCA9C7AF-4F62-42C7-9098-CC930611AEF6}.Release|Any CPU.ActiveCfg = Release|Any CPU
		{CCA9C7AF-4F62-42C7-9098-CC930611AEF6}.Release|Any CPU.Build.0 = Release|Any CPU
		{23565A2E-1436-4D66-8EE0-DC61CF7F85D8}.Debug|Any CPU.ActiveCfg = Debug|Any CPU
		{23565A2E-1436-4D66-8EE0-DC61CF7F85D8}.Debug|Any CPU.Build.0 = Debug|Any CPU
		{23565A2E-1436-4D66-8EE0-DC61CF7F85D8}.Release|Any CPU.ActiveCfg = Release|Any CPU
		{23565A2E-1436-4D66-8EE0-DC61CF7F85D8}.Release|Any CPU.Build.0 = Release|Any CPU
		{AB5FD761-B06B-41A1-87A3-090574534884}.Debug|Any CPU.ActiveCfg = Debug|Any CPU
		{AB5FD761-B06B-41A1-87A3-090574534884}.Debug|Any CPU.Build.0 = Debug|Any CPU
		{AB5FD761-B06B-41A1-87A3-090574534884}.Release|Any CPU.ActiveCfg = Release|Any CPU
		{AB5FD761-B06B-41A1-87A3-090574534884}.Release|Any CPU.Build.0 = Release|Any CPU
		{8316063D-88FD-48F5-9BA9-10139CFCE81A}.Debug|Any CPU.ActiveCfg = Debug|Any CPU
		{8316063D-88FD-48F5-9BA9-10139CFCE81A}.Debug|Any CPU.Build.0 = Debug|Any CPU
		{8316063D-88FD-48F5-9BA9-10139CFCE81A}.Release|Any CPU.ActiveCfg = Release|Any CPU
		{8316063D-88FD-48F5-9BA9-10139CFCE81A}.Release|Any CPU.Build.0 = Release|Any CPU
		{16444F45-0535-4D67-A1EA-FD5E30B621B8}.Debug|Any CPU.ActiveCfg = Debug|Any CPU
		{16444F45-0535-4D67-A1EA-FD5E30B621B8}.Debug|Any CPU.Build.0 = Debug|Any CPU
		{16444F45-0535-4D67-A1EA-FD5E30B621B8}.Release|Any CPU.ActiveCfg = Release|Any CPU
		{16444F45-0535-4D67-A1EA-FD5E30B621B8}.Release|Any CPU.Build.0 = Release|Any CPU
		{6090ACC8-941D-4D50-AFF7-F6AD08D40AF7}.Debug|Any CPU.ActiveCfg = Debug|Any CPU
		{6090ACC8-941D-4D50-AFF7-F6AD08D40AF7}.Debug|Any CPU.Build.0 = Debug|Any CPU
		{6090ACC8-941D-4D50-AFF7-F6AD08D40AF7}.Release|Any CPU.ActiveCfg = Release|Any CPU
		{6090ACC8-941D-4D50-AFF7-F6AD08D40AF7}.Release|Any CPU.Build.0 = Release|Any CPU
	EndGlobalSection
	GlobalSection(SolutionProperties) = preSolution
		HideSolutionNode = FALSE
	EndGlobalSection
	GlobalSection(NestedProjects) = preSolution
		{DD329E8C-5A18-47DD-A39A-0DCC0F2D1F46} = {4A93B8A2-55E8-4A3E-9090-F16098F3EADE}
		{446ACA1A-1305-4A97-AF82-DA4D1E083F00} = {4A93B8A2-55E8-4A3E-9090-F16098F3EADE}
		{48CFC855-AB6A-4B61-A960-1D7D70AE9DF5} = {4A93B8A2-55E8-4A3E-9090-F16098F3EADE}
		{98E8BA26-96B2-4FCB-B400-C01D70F4912E} = {4A93B8A2-55E8-4A3E-9090-F16098F3EADE}
		{595F7BA1-646C-465B-A3E6-C8AA1D281E00} = {4A93B8A2-55E8-4A3E-9090-F16098F3EADE}
		{4A679989-8FB5-4EFF-850A-23E31C44F88E} = {4A93B8A2-55E8-4A3E-9090-F16098F3EADE}
		{7C90AE7E-2097-4DC5-B7EF-B5994C1C267D} = {4A93B8A2-55E8-4A3E-9090-F16098F3EADE}
		{369B8D28-C481-465D-A531-DA6129775ECE} = {4A93B8A2-55E8-4A3E-9090-F16098F3EADE}
		{E24D8723-BD4A-4714-A975-138C8F25E599} = {F6012FF3-582D-4AD0-A15C-09F3E473E2D6}
		{051CA9CC-4350-4913-8F4B-0187284F8814} = {F6012FF3-582D-4AD0-A15C-09F3E473E2D6}
		{9309A31E-B451-46A7-87D9-C6CC2CB37BAB} = {F6012FF3-582D-4AD0-A15C-09F3E473E2D6}
		{7638AF58-0336-4707-B3EE-AD69EB936084} = {EC58714C-8633-4842-8D27-E7FAE7941888}
		{A3C024DC-83D3-4D9A-B8F5-AB7600038AB9} = {EC58714C-8633-4842-8D27-E7FAE7941888}
		{6EB59D41-EEA3-41BC-9F0A-9BAEA809E81B} = {EC58714C-8633-4842-8D27-E7FAE7941888}
		{6D82F63F-1E44-4A1D-8CEE-4B7981B8C5E1} = {F6C84FCD-705C-4EE2-9B88-E867AB1F3174}
		{EE92270B-20CC-44C2-929A-0CC761445254} = {0A22A1F0-1D2D-4AA7-8788-269A58A32456}
		{1A937138-55D9-437C-8613-F01C8F126ABE} = {C54B735E-18DA-46A5-9853-6AFD7FBCB999}
		{5534A968-1A45-4DC5-B428-A461E1F30D2F} = {1B6695CD-8F92-48B8-95DB-D2B1A6E81278}
		{FC2A1299-8725-4A47-85D7-175FBEC605E4} = {D6BBB50F-A23B-406D-84BE-39899674BCD7}
		{2A84E602-EE09-4E76-85E4-136F50D27026} = {41F2F4F5-06AA-46FD-A1BD-217D064D4385}
		{58DF9E90-A8B3-40DE-960F-0231E4CCDBE7} = {BAFA1269-E31C-433E-BF0C-90B21FCF2BB9}
		{B42F2987-B049-46FD-B42E-7CE1758CD57C} = {BAFA1269-E31C-433E-BF0C-90B21FCF2BB9}
		{CCA9C7AF-4F62-42C7-9098-CC930611AEF6} = {B286A4CD-DCD5-42E8-A41B-88ECA9AEB6D2}
		{23565A2E-1436-4D66-8EE0-DC61CF7F85D8} = {94CCB124-C782-4141-9DAF-6DCA376716FF}
		{8316063D-88FD-48F5-9BA9-10139CFCE81A} = {760F3A30-491A-42B1-92A4-746DCC88E888}
		{16444F45-0535-4D67-A1EA-FD5E30B621B8} = {18789E1F-ED7F-4645-931E-50885A63F618}
		{6090ACC8-941D-4D50-AFF7-F6AD08D40AF7} = {A627D549-B466-4A92-B9C1-D82F0E780744}
	EndGlobalSection
	GlobalSection(ExtensibilityGlobals) = postSolution
		SolutionGuid = {328101E4-1192-4581-A38D-2AE28F5FC0EE}
	EndGlobalSection
EndGlobal
